// !$*UTF8*$!
{
	archiveVersion = 1;
	classes = {
	};
	objectVersion = 56;
	objects = {

/* Begin PBXBuildFile section */
		0E1AE7002B7E1880001C9A30 /* MainView.swift in Sources */ = {isa = PBXBuildFile; fileRef = 0E1AE6FF2B7E1880001C9A30 /* MainView.swift */; };
		0E1AE7052B7E18AF001C9A30 /* PlantPotView.swift in Sources */ = {isa = PBXBuildFile; fileRef = 0E1AE7042B7E18AF001C9A30 /* PlantPotView.swift */; };
		0E1AE7152B80A833001C9A30 /* Dialogue.swift in Sources */ = {isa = PBXBuildFile; fileRef = 0E1AE7142B80A833001C9A30 /* Dialogue.swift */; };
		0E1AE71C2B80B9B2001C9A30 /* WinterCharacter.tsv in Resources */ = {isa = PBXBuildFile; fileRef = 0E1AE7182B80B9B1001C9A30 /* WinterCharacter.tsv */; };
		0E1AE71D2B80B9B2001C9A30 /* SummerCharacter.tsv in Resources */ = {isa = PBXBuildFile; fileRef = 0E1AE7192B80B9B1001C9A30 /* SummerCharacter.tsv */; };
		0E1AE71F2B80B9B2001C9A30 /* AutumnCharacter.tsv in Resources */ = {isa = PBXBuildFile; fileRef = 0E1AE71B2B80B9B2001C9A30 /* AutumnCharacter.tsv */; };
		0E214B5F2BDFC85500558004 /* BottomSheet.swift in Sources */ = {isa = PBXBuildFile; fileRef = 0E214B5E2BDFC85500558004 /* BottomSheet.swift */; };
		0E214B612BDFD52900558004 /* HistoryDetailView.swift in Sources */ = {isa = PBXBuildFile; fileRef = 0E214B602BDFD52900558004 /* HistoryDetailView.swift */; };
		0E2F50A82C86E0010054628F /* GardenViewModel.swift in Sources */ = {isa = PBXBuildFile; fileRef = 0E2F50A72C86E0010054628F /* GardenViewModel.swift */; };
		0E2F50AA2C86F6010054628F /* ChapterButtonStyle.swift in Sources */ = {isa = PBXBuildFile; fileRef = 0E2F50A92C86F6010054628F /* ChapterButtonStyle.swift */; };
		0E4AB2282BC90A4C00ADB623 /* ProgressStyle.swift in Sources */ = {isa = PBXBuildFile; fileRef = 0E4AB2272BC90A4C00ADB623 /* ProgressStyle.swift */; };
		0E4AB22B2BCD3E7E00ADB623 /* WriteHistoryView.swift in Sources */ = {isa = PBXBuildFile; fileRef = 0E4AB22A2BCD3E7E00ADB623 /* WriteHistoryView.swift */; };
		0E4AB2322BCD66A400ADB623 /* ImagePicker.swift in Sources */ = {isa = PBXBuildFile; fileRef = 0E4AB2312BCD66A400ADB623 /* ImagePicker.swift */; };
		0E4AB2342BCD6CE900ADB623 /* WriteHistoryViewModel.swift in Sources */ = {isa = PBXBuildFile; fileRef = 0E4AB2332BCD6CE900ADB623 /* WriteHistoryViewModel.swift */; };
		0E4AB2362BCD70F400ADB623 /* RealmManager.swift in Sources */ = {isa = PBXBuildFile; fileRef = 0E4AB2352BCD70F400ADB623 /* RealmManager.swift */; };
		0E4AB2382BCD721700ADB623 /* History.swift in Sources */ = {isa = PBXBuildFile; fileRef = 0E4AB2372BCD721700ADB623 /* History.swift */; };
		0E4AB23F2BD0FD6400ADB623 /* KeyboardHandler.swift in Sources */ = {isa = PBXBuildFile; fileRef = 0E4AB23E2BD0FD6400ADB623 /* KeyboardHandler.swift */; };
		0E4AB2412BD1090B00ADB623 /* Date+.swift in Sources */ = {isa = PBXBuildFile; fileRef = 0E4AB2402BD1090B00ADB623 /* Date+.swift */; };
		0E58AB822B85BF5C00EB8C78 /* SelectPlantView.swift in Sources */ = {isa = PBXBuildFile; fileRef = 0E58AB812B85BF5C00EB8C78 /* SelectPlantView.swift */; };
		0E58AB842B8CAD1C00EB8C78 /* PlantCardView.swift in Sources */ = {isa = PBXBuildFile; fileRef = 0E58AB832B8CAD1C00EB8C78 /* PlantCardView.swift */; };
		0E58AB8F2B8E05AA00EB8C78 /* CompleteChapterView.swift in Sources */ = {isa = PBXBuildFile; fileRef = 0E58AB8E2B8E05AA00EB8C78 /* CompleteChapterView.swift */; };
		0E62B7412BFB184C0011B34E /* UnevenRoundedRectangle.swift in Sources */ = {isa = PBXBuildFile; fileRef = 0E62B7402BFB184C0011B34E /* UnevenRoundedRectangle.swift */; };
		0E804A092C465B3000582121 /* GardenPlant.swift in Sources */ = {isa = PBXBuildFile; fileRef = 0E804A082C465B3000582121 /* GardenPlant.swift */; };
		0E9532FA2BDCB9580081DCE0 /* HistoryView.swift in Sources */ = {isa = PBXBuildFile; fileRef = 0E9532F92BDCB9580081DCE0 /* HistoryView.swift */; };
		0E9532FC2BDCBB1A0081DCE0 /* HistoryViewModel.swift in Sources */ = {isa = PBXBuildFile; fileRef = 0E9532FB2BDCBB1A0081DCE0 /* HistoryViewModel.swift */; };
		0EEBB6C72B7DDA6E003E09C6 /* Emptypot.scn in Resources */ = {isa = PBXBuildFile; fileRef = 0EEBB6C62B7DDA6E003E09C6 /* Emptypot.scn */; };
		0EEBB6C92B7DEA60003E09C6 /* Bubble.scn in Resources */ = {isa = PBXBuildFile; fileRef = 0EEBB6C82B7DEA60003E09C6 /* Bubble.scn */; };
		0EEBB6CB2B7DEA65003E09C6 /* Gardenground.scn in Resources */ = {isa = PBXBuildFile; fileRef = 0EEBB6CA2B7DEA65003E09C6 /* Gardenground.scn */; };
		0EF36DC12CEDC6E900867365 /* Lotus.tsv in Resources */ = {isa = PBXBuildFile; fileRef = 0EF36DBE2CEDC6E900867365 /* Lotus.tsv */; };
		0EF36DC22CEDC6E900867365 /* Morningglory.tsv in Resources */ = {isa = PBXBuildFile; fileRef = 0EF36DBF2CEDC6E900867365 /* Morningglory.tsv */; };
		0EF36DC32CEDC6E900867365 /* Dandelion.tsv in Resources */ = {isa = PBXBuildFile; fileRef = 0EF36DBD2CEDC6E900867365 /* Dandelion.tsv */; };
		0EF36DC42CEDC6E900867365 /* Sanseberia.tsv in Resources */ = {isa = PBXBuildFile; fileRef = 0EF36DC02CEDC6E900867365 /* Sanseberia.tsv */; };
		0EF36DC52CEDC6E900867365 /* Broom.tsv in Resources */ = {isa = PBXBuildFile; fileRef = 0EF36DBC2CEDC6E900867365 /* Broom.tsv */; };
		0EF36DCD2CEDC70E00867365 /* Chapters.tsv in Resources */ = {isa = PBXBuildFile; fileRef = 0EF36DC72CEDC70E00867365 /* Chapters.tsv */; };
		0EF36DD92CEDC7E400867365 /* Gardenground_Autumn.scn in Resources */ = {isa = PBXBuildFile; fileRef = 0EF36DD82CEDC7E400867365 /* Gardenground_Autumn.scn */; };
		0EF36DDB2CEDC7F900867365 /* Gardenground_Spring.scn in Resources */ = {isa = PBXBuildFile; fileRef = 0EF36DDA2CEDC7F900867365 /* Gardenground_Spring.scn */; };
		0EF36DDD2CEDC80600867365 /* Gardenground_Summer.scn in Resources */ = {isa = PBXBuildFile; fileRef = 0EF36DDC2CEDC80600867365 /* Gardenground_Summer.scn */; };
		0EF36DDF2CEDC81300867365 /* Gardenground_Winter.scn in Resources */ = {isa = PBXBuildFile; fileRef = 0EF36DDE2CEDC81300867365 /* Gardenground_Winter.scn */; };
		0EF36E572CEEFF5200867365 /* Freesia.scn in Resources */ = {isa = PBXBuildFile; fileRef = 0EF36E562CEEFF5200867365 /* Freesia.scn */; };
		0EF36E592CEEFF6600867365 /* Morningglory1.scn in Resources */ = {isa = PBXBuildFile; fileRef = 0EF36E582CEEFF6600867365 /* Morningglory1.scn */; };
		0EF36E5B2CEEFF6E00867365 /* Morningglory2.scn in Resources */ = {isa = PBXBuildFile; fileRef = 0EF36E5A2CEEFF6E00867365 /* Morningglory2.scn */; };
		0EF36E5D2CEEFF7800867365 /* Morningglory3.scn in Resources */ = {isa = PBXBuildFile; fileRef = 0EF36E5C2CEEFF7800867365 /* Morningglory3.scn */; };
		0EF36E5F2CEEFF7C00867365 /* Morningglory_Garden.scn in Resources */ = {isa = PBXBuildFile; fileRef = 0EF36E5E2CEEFF7C00867365 /* Morningglory_Garden.scn */; };
		0EF36E612CEEFF9000867365 /* Sanseberia1.scn in Resources */ = {isa = PBXBuildFile; fileRef = 0EF36E602CEEFF9000867365 /* Sanseberia1.scn */; };
		0EF36E632CEEFF9600867365 /* Sanseberia2.scn in Resources */ = {isa = PBXBuildFile; fileRef = 0EF36E622CEEFF9600867365 /* Sanseberia2.scn */; };
		0EF36E652CEEFF9B00867365 /* Sanseberia3.scn in Resources */ = {isa = PBXBuildFile; fileRef = 0EF36E642CEEFF9B00867365 /* Sanseberia3.scn */; };
		0EF36E672CEEFF9F00867365 /* Sanseberia_Garden.scn in Resources */ = {isa = PBXBuildFile; fileRef = 0EF36E662CEEFF9F00867365 /* Sanseberia_Garden.scn */; };
		0EF36E692CEEFFB300867365 /* Dandelion1.scn in Resources */ = {isa = PBXBuildFile; fileRef = 0EF36E682CEEFFB300867365 /* Dandelion1.scn */; };
		0EF36E6B2CEEFFB800867365 /* Dandelion2.scn in Resources */ = {isa = PBXBuildFile; fileRef = 0EF36E6A2CEEFFB800867365 /* Dandelion2.scn */; };
		0EF36E6D2CEEFFBC00867365 /* Dandelion3.scn in Resources */ = {isa = PBXBuildFile; fileRef = 0EF36E6C2CEEFFBC00867365 /* Dandelion3.scn */; };
		0EF36E6F2CEEFFC000867365 /* Dandelion_Garden.scn in Resources */ = {isa = PBXBuildFile; fileRef = 0EF36E6E2CEEFFC000867365 /* Dandelion_Garden.scn */; };
		0EF36E712CEEFFD600867365 /* Lotus1.scn in Resources */ = {isa = PBXBuildFile; fileRef = 0EF36E702CEEFFD600867365 /* Lotus1.scn */; };
		0EF36E732CEEFFDA00867365 /* Lotus2.scn in Resources */ = {isa = PBXBuildFile; fileRef = 0EF36E722CEEFFDA00867365 /* Lotus2.scn */; };
		0EF36E752CEEFFDE00867365 /* Lotus3.scn in Resources */ = {isa = PBXBuildFile; fileRef = 0EF36E742CEEFFDE00867365 /* Lotus3.scn */; };
		0EF36E772CEEFFE300867365 /* Lotus_Garden.scn in Resources */ = {isa = PBXBuildFile; fileRef = 0EF36E762CEEFFE300867365 /* Lotus_Garden.scn */; };
		0EF36E792CEEFFF200867365 /* Broom1.scn in Resources */ = {isa = PBXBuildFile; fileRef = 0EF36E782CEEFFF200867365 /* Broom1.scn */; };
		0EF36E7B2CEEFFF700867365 /* Broom2.scn in Resources */ = {isa = PBXBuildFile; fileRef = 0EF36E7A2CEEFFF700867365 /* Broom2.scn */; };
		0EF36E7D2CEEFFFB00867365 /* Broom3.scn in Resources */ = {isa = PBXBuildFile; fileRef = 0EF36E7C2CEEFFFB00867365 /* Broom3.scn */; };
		0EF36E7F2CEEFFFF00867365 /* Broom_Garden.scn in Resources */ = {isa = PBXBuildFile; fileRef = 0EF36E7E2CEEFFFF00867365 /* Broom_Garden.scn */; };
		0EF36E812CEF001F00867365 /* Lavender1.scn in Resources */ = {isa = PBXBuildFile; fileRef = 0EF36E802CEF001F00867365 /* Lavender1.scn */; };
		0EF36E832CEF002300867365 /* Lavender2.scn in Resources */ = {isa = PBXBuildFile; fileRef = 0EF36E822CEF002300867365 /* Lavender2.scn */; };
		0EF36E852CEF002700867365 /* Lavender3.scn in Resources */ = {isa = PBXBuildFile; fileRef = 0EF36E842CEF002700867365 /* Lavender3.scn */; };
		0EF36E872CEF002B00867365 /* Lavender_Garden.scn in Resources */ = {isa = PBXBuildFile; fileRef = 0EF36E862CEF002B00867365 /* Lavender_Garden.scn */; };
		0EF36E892CEF003800867365 /* Hanamaru1.scn in Resources */ = {isa = PBXBuildFile; fileRef = 0EF36E882CEF003800867365 /* Hanamaru1.scn */; };
		0EF36E8B2CEF003C00867365 /* Hanamaru2.scn in Resources */ = {isa = PBXBuildFile; fileRef = 0EF36E8A2CEF003C00867365 /* Hanamaru2.scn */; };
		0EF36E8D2CEF004000867365 /* Hanamaru3.scn in Resources */ = {isa = PBXBuildFile; fileRef = 0EF36E8C2CEF004000867365 /* Hanamaru3.scn */; };
		0EF36E8F2CEF004500867365 /* Hanamaru_Garden.scn in Resources */ = {isa = PBXBuildFile; fileRef = 0EF36E8E2CEF004500867365 /* Hanamaru_Garden.scn */; };
		0EF36E912CEF005900867365 /* Cactus1.scn in Resources */ = {isa = PBXBuildFile; fileRef = 0EF36E902CEF005900867365 /* Cactus1.scn */; };
		0EF36E932CEF005F00867365 /* Cactus2.scn in Resources */ = {isa = PBXBuildFile; fileRef = 0EF36E922CEF005F00867365 /* Cactus2.scn */; };
		0EF36E952CEF006700867365 /* Cactus3.scn in Resources */ = {isa = PBXBuildFile; fileRef = 0EF36E942CEF006700867365 /* Cactus3.scn */; };
		0EF36E972CEF006B00867365 /* Cactus_Garden.scn in Resources */ = {isa = PBXBuildFile; fileRef = 0EF36E962CEF006B00867365 /* Cactus_Garden.scn */; };
		0EF36E992CEF007900867365 /* Pasqueflower1.scn in Resources */ = {isa = PBXBuildFile; fileRef = 0EF36E982CEF007900867365 /* Pasqueflower1.scn */; };
		0EF36E9B2CEF007D00867365 /* Pasqueflower2.scn in Resources */ = {isa = PBXBuildFile; fileRef = 0EF36E9A2CEF007D00867365 /* Pasqueflower2.scn */; };
		0EF36E9D2CEF008200867365 /* Pasqueflower3.scn in Resources */ = {isa = PBXBuildFile; fileRef = 0EF36E9C2CEF008200867365 /* Pasqueflower3.scn */; };
		0EF36E9F2CEF008700867365 /* Pasqueflower_Garden.scn in Resources */ = {isa = PBXBuildFile; fileRef = 0EF36E9E2CEF008700867365 /* Pasqueflower_Garden.scn */; };
		0EF36EA12CEF009400867365 /* Compass1.scn in Resources */ = {isa = PBXBuildFile; fileRef = 0EF36EA02CEF009400867365 /* Compass1.scn */; };
		0EF36EA32CEF009900867365 /* Compass2.scn in Resources */ = {isa = PBXBuildFile; fileRef = 0EF36EA22CEF009900867365 /* Compass2.scn */; };
		0EF36EA52CEF009D00867365 /* Compass3.scn in Resources */ = {isa = PBXBuildFile; fileRef = 0EF36EA42CEF009D00867365 /* Compass3.scn */; };
		0EF36EA72CEF00A100867365 /* Compass_Garden.scn in Resources */ = {isa = PBXBuildFile; fileRef = 0EF36EA62CEF00A100867365 /* Compass_Garden.scn */; };
		0EF36EA92CEF00C600867365 /* Maple1.scn in Resources */ = {isa = PBXBuildFile; fileRef = 0EF36EA82CEF00C600867365 /* Maple1.scn */; };
		0EF36EAB2CEF00CD00867365 /* Maple2.scn in Resources */ = {isa = PBXBuildFile; fileRef = 0EF36EAA2CEF00CD00867365 /* Maple2.scn */; };
		0EF36EAD2CEF00D100867365 /* Maple3.scn in Resources */ = {isa = PBXBuildFile; fileRef = 0EF36EAC2CEF00D100867365 /* Maple3.scn */; };
		0EF36EAF2CEF00D600867365 /* Maple_Garden.scn in Resources */ = {isa = PBXBuildFile; fileRef = 0EF36EAE2CEF00D600867365 /* Maple_Garden.scn */; };
		0EF36EB12CEF00E700867365 /* Cottontree1.scn in Resources */ = {isa = PBXBuildFile; fileRef = 0EF36EB02CEF00E700867365 /* Cottontree1.scn */; };
		0EF36EB32CEF00EC00867365 /* Cottontree2.scn in Resources */ = {isa = PBXBuildFile; fileRef = 0EF36EB22CEF00EC00867365 /* Cottontree2.scn */; };
		0EF36EB52CEF00F000867365 /* Cottontree3.scn in Resources */ = {isa = PBXBuildFile; fileRef = 0EF36EB42CEF00F000867365 /* Cottontree3.scn */; };
		0EF36EB72CEF00F500867365 /* Cottontree_Garden.scn in Resources */ = {isa = PBXBuildFile; fileRef = 0EF36EB62CEF00F500867365 /* Cottontree_Garden.scn */; };
		0EF36EBC2CEF02F400867365 /* SpringPlants.tsv in Resources */ = {isa = PBXBuildFile; fileRef = 0EF36EB92CEF02F400867365 /* SpringPlants.tsv */; };
		0EF36EBD2CEF02F400867365 /* AutumnPlants.tsv in Resources */ = {isa = PBXBuildFile; fileRef = 0EF36EB82CEF02F400867365 /* AutumnPlants.tsv */; };
		0EF36EBE2CEF02F400867365 /* WinterPlants.tsv in Resources */ = {isa = PBXBuildFile; fileRef = 0EF36EBB2CEF02F400867365 /* WinterPlants.tsv */; };
		0EF36EBF2CEF02F400867365 /* SummerPlants.tsv in Resources */ = {isa = PBXBuildFile; fileRef = 0EF36EBA2CEF02F400867365 /* SummerPlants.tsv */; };
		0EF5FE962B4FC02100D64E5E /* ForestToriApp.swift in Sources */ = {isa = PBXBuildFile; fileRef = 0EF5FE952B4FC02100D64E5E /* ForestToriApp.swift */; };
		0EF5FE9A2B4FC02200D64E5E /* Assets.xcassets in Resources */ = {isa = PBXBuildFile; fileRef = 0EF5FE992B4FC02200D64E5E /* Assets.xcassets */; };
		0EF5FE9D2B4FC02200D64E5E /* Preview Assets.xcassets in Resources */ = {isa = PBXBuildFile; fileRef = 0EF5FE9C2B4FC02200D64E5E /* Preview Assets.xcassets */; };
		0EF5FEA52B4FC0E700D64E5E /* .swiftlint.yml in Resources */ = {isa = PBXBuildFile; fileRef = 0EF5FEA42B4FC0E700D64E5E /* .swiftlint.yml */; };
		5B1676E12C384B16009DA49F /* NotificationManager.swift in Sources */ = {isa = PBXBuildFile; fileRef = 5B1676E02C384B16009DA49F /* NotificationManager.swift */; };
		5B6351062BED17AF00A1C6AB /* String+.swift in Sources */ = {isa = PBXBuildFile; fileRef = 0E214B642BE34B5A00558004 /* String+.swift */; };
		5B68A4262B8454790004E89A /* ServieStateView.swift in Sources */ = {isa = PBXBuildFile; fileRef = 5B68A4252B8454790004E89A /* ServieStateView.swift */; };
		5B68A4352B845DFE0004E89A /* Font+.swift in Sources */ = {isa = PBXBuildFile; fileRef = 0E1AE6FD2B7E185B001C9A30 /* Font+.swift */; };
		5B68A4372B845E200004E89A /* View+.swift in Sources */ = {isa = PBXBuildFile; fileRef = 5B68A4362B845E200004E89A /* View+.swift */; };
		5B72DDC82B91BA8B002EA734 /* EpilogueViewModel.swift in Sources */ = {isa = PBXBuildFile; fileRef = 5B72DDC72B91BA8B002EA734 /* EpilogueViewModel.swift */; };
		5B9152A82B84402C0068418F /* OnboardingTextBox.swift in Sources */ = {isa = PBXBuildFile; fileRef = 5B9152A72B84402C0068418F /* OnboardingTextBox.swift */; };
		5BA395442B7252C00019A545 /* GameManager.swift in Sources */ = {isa = PBXBuildFile; fileRef = 5BA395432B7252C00019A545 /* GameManager.swift */; };
		5BA3955C2B7E359F0019A545 /* OnboardingView.swift in Sources */ = {isa = PBXBuildFile; fileRef = 5BA3955B2B7E359F0019A545 /* OnboardingView.swift */; };
		5BA3955E2B7E377D0019A545 /* OnboardingGreetingView.swift in Sources */ = {isa = PBXBuildFile; fileRef = 5BA3955D2B7E377D0019A545 /* OnboardingGreetingView.swift */; };
		5BA395602B7E37900019A545 /* OnboardingIntroductionView.swift in Sources */ = {isa = PBXBuildFile; fileRef = 5BA3955F2B7E37900019A545 /* OnboardingIntroductionView.swift */; };
		5BA395642B7E4A230019A545 /* OnboardingViewModel.swift in Sources */ = {isa = PBXBuildFile; fileRef = 5BA395632B7E4A230019A545 /* OnboardingViewModel.swift */; };
		5BA395672B7F54E10019A545 /* Pretendard-Bold.ttf in Resources */ = {isa = PBXBuildFile; fileRef = 5BA395662B7F54E10019A545 /* Pretendard-Bold.ttf */; };
		5BA395692B7F54EE0019A545 /* Pretendard-SemiBold.ttf in Resources */ = {isa = PBXBuildFile; fileRef = 5BA395682B7F54EE0019A545 /* Pretendard-SemiBold.ttf */; };
		5BA3956B2B7F54F60019A545 /* Pretendard-Regular.ttf in Resources */ = {isa = PBXBuildFile; fileRef = 5BA3956A2B7F54F50019A545 /* Pretendard-Regular.ttf */; };
		5BA3956D2B7F55020019A545 /* Pretendard-Light.ttf in Resources */ = {isa = PBXBuildFile; fileRef = 5BA3956C2B7F55020019A545 /* Pretendard-Light.ttf */; };
		5BA395712B7F84410019A545 /* Onboarding.swift in Sources */ = {isa = PBXBuildFile; fileRef = 5BA395702B7F84410019A545 /* Onboarding.swift */; };
		5BA3957F2B8235AF0019A545 /* OnboardingSkipButton.swift in Sources */ = {isa = PBXBuildFile; fileRef = 5BA3957E2B8235AF0019A545 /* OnboardingSkipButton.swift */; };
		5BA395812B8235CE0019A545 /* OnboardingDoneButton.swift in Sources */ = {isa = PBXBuildFile; fileRef = 5BA395802B8235CE0019A545 /* OnboardingDoneButton.swift */; };
		5BA395842B82495B0019A545 /* OnboardingNamingView.swift in Sources */ = {isa = PBXBuildFile; fileRef = 5BA395832B82495B0019A545 /* OnboardingNamingView.swift */; };
		5BA395862B824D950019A545 /* NameSettingView.swift in Sources */ = {isa = PBXBuildFile; fileRef = 5BA395852B824D950019A545 /* NameSettingView.swift */; };
		5BA395882B826CEA0019A545 /* OnboardingCompletionView.swift in Sources */ = {isa = PBXBuildFile; fileRef = 5BA395872B826CEA0019A545 /* OnboardingCompletionView.swift */; };
		5BA885842B90698900041393 /* EpilogueView.swift in Sources */ = {isa = PBXBuildFile; fileRef = 5BA885832B90698900041393 /* EpilogueView.swift */; };
		5BA931112B62602200F48AF1 /* User.swift in Sources */ = {isa = PBXBuildFile; fileRef = 5BA931102B62602200F48AF1 /* User.swift */; };
		5BA931132B62603200F48AF1 /* Plant.swift in Sources */ = {isa = PBXBuildFile; fileRef = 5BA931122B62603200F48AF1 /* Plant.swift */; };
		5BA931152B62604800F48AF1 /* Chapter.swift in Sources */ = {isa = PBXBuildFile; fileRef = 5BA931142B62604800F48AF1 /* Chapter.swift */; };
		5BA931172B62605D00F48AF1 /* Mission.swift in Sources */ = {isa = PBXBuildFile; fileRef = 5BA931162B62605D00F48AF1 /* Mission.swift */; };
		5BA931192B6260CC00F48AF1 /* DataManager.swift in Sources */ = {isa = PBXBuildFile; fileRef = 5BA931182B6260CC00F48AF1 /* DataManager.swift */; };
		5BABC2C92B899D8B00C74E3C /* GardenView.swift in Sources */ = {isa = PBXBuildFile; fileRef = 5BABC2C82B899D8B00C74E3C /* GardenView.swift */; };
		5BBABDE12BCD180A00F51288 /* CameraPreview.swift in Sources */ = {isa = PBXBuildFile; fileRef = 5BBABDE02BCD180A00F51288 /* CameraPreview.swift */; };
		5BBABDE32BCD716800F51288 /* GardenARViewModel.swift in Sources */ = {isa = PBXBuildFile; fileRef = 5BBABDE22BCD716800F51288 /* GardenARViewModel.swift */; };
		5BC6F8782C9582A8005CA85C /* RealmSwift in Frameworks */ = {isa = PBXBuildFile; productRef = 0EE630DC2C7DBADC00F2A021 /* RealmSwift */; };
		5BC6F87C2C95D13B005CA85C /* PlantContentView.swift in Sources */ = {isa = PBXBuildFile; fileRef = 5BC6F87B2C95D13B005CA85C /* PlantContentView.swift */; };
		5BC6F8802C9F03D9005CA85C /* MainViewModel.swift in Sources */ = {isa = PBXBuildFile; fileRef = 5BC6F87F2C9F03D9005CA85C /* MainViewModel.swift */; };
		5BDA85472BCC156400C5C67C /* GardenARView.swift in Sources */ = {isa = PBXBuildFile; fileRef = 5BDA85462BCC156400C5C67C /* GardenARView.swift */; };
		5BE2F6302BC03AF90049A988 /* GardenScene.swift in Sources */ = {isa = PBXBuildFile; fileRef = 5BE2F62F2BC03AF90049A988 /* GardenScene.swift */; };
		5BE672842C71DE6B00D9F0E8 /* ImageCropView.swift in Sources */ = {isa = PBXBuildFile; fileRef = 5BE672832C71DE6B00D9F0E8 /* ImageCropView.swift */; };
		5BEA73062BD77F6E00BF5ADA /* ServiceStateViewModel.swift in Sources */ = {isa = PBXBuildFile; fileRef = 5BEA73052BD77F6E00BF5ADA /* ServiceStateViewModel.swift */; };
		5BEA730C2BD7D17700BF5ADA /* EndingView.swift in Sources */ = {isa = PBXBuildFile; fileRef = 5BEA730B2BD7D17700BF5ADA /* EndingView.swift */; };
/* End PBXBuildFile section */

/* Begin PBXFileReference section */
		0E1AE6FD2B7E185B001C9A30 /* Font+.swift */ = {isa = PBXFileReference; fileEncoding = 4; lastKnownFileType = sourcecode.swift; path = "Font+.swift"; sourceTree = "<group>"; };
		0E1AE6FF2B7E1880001C9A30 /* MainView.swift */ = {isa = PBXFileReference; lastKnownFileType = sourcecode.swift; path = MainView.swift; sourceTree = "<group>"; };
		0E1AE7042B7E18AF001C9A30 /* PlantPotView.swift */ = {isa = PBXFileReference; lastKnownFileType = sourcecode.swift; path = PlantPotView.swift; sourceTree = "<group>"; };
		0E1AE7142B80A833001C9A30 /* Dialogue.swift */ = {isa = PBXFileReference; lastKnownFileType = sourcecode.swift; path = Dialogue.swift; sourceTree = "<group>"; };
		0E1AE7182B80B9B1001C9A30 /* WinterCharacter.tsv */ = {isa = PBXFileReference; fileEncoding = 4; lastKnownFileType = text; path = WinterCharacter.tsv; sourceTree = "<group>"; };
		0E1AE7192B80B9B1001C9A30 /* SummerCharacter.tsv */ = {isa = PBXFileReference; fileEncoding = 4; lastKnownFileType = text; path = SummerCharacter.tsv; sourceTree = "<group>"; };
		0E1AE71B2B80B9B2001C9A30 /* AutumnCharacter.tsv */ = {isa = PBXFileReference; fileEncoding = 4; lastKnownFileType = text; path = AutumnCharacter.tsv; sourceTree = "<group>"; };
		0E214B5E2BDFC85500558004 /* BottomSheet.swift */ = {isa = PBXFileReference; lastKnownFileType = sourcecode.swift; path = BottomSheet.swift; sourceTree = "<group>"; };
		0E214B602BDFD52900558004 /* HistoryDetailView.swift */ = {isa = PBXFileReference; lastKnownFileType = sourcecode.swift; path = HistoryDetailView.swift; sourceTree = "<group>"; };
		0E214B642BE34B5A00558004 /* String+.swift */ = {isa = PBXFileReference; lastKnownFileType = sourcecode.swift; path = "String+.swift"; sourceTree = "<group>"; };
		0E2F50A72C86E0010054628F /* GardenViewModel.swift */ = {isa = PBXFileReference; lastKnownFileType = sourcecode.swift; path = GardenViewModel.swift; sourceTree = "<group>"; };
		0E2F50A92C86F6010054628F /* ChapterButtonStyle.swift */ = {isa = PBXFileReference; lastKnownFileType = sourcecode.swift; path = ChapterButtonStyle.swift; sourceTree = "<group>"; };
		0E4AB2272BC90A4C00ADB623 /* ProgressStyle.swift */ = {isa = PBXFileReference; lastKnownFileType = sourcecode.swift; path = ProgressStyle.swift; sourceTree = "<group>"; };
		0E4AB22A2BCD3E7E00ADB623 /* WriteHistoryView.swift */ = {isa = PBXFileReference; lastKnownFileType = sourcecode.swift; path = WriteHistoryView.swift; sourceTree = "<group>"; };
		0E4AB2312BCD66A400ADB623 /* ImagePicker.swift */ = {isa = PBXFileReference; lastKnownFileType = sourcecode.swift; path = ImagePicker.swift; sourceTree = "<group>"; };
		0E4AB2332BCD6CE900ADB623 /* WriteHistoryViewModel.swift */ = {isa = PBXFileReference; lastKnownFileType = sourcecode.swift; path = WriteHistoryViewModel.swift; sourceTree = "<group>"; };
		0E4AB2352BCD70F400ADB623 /* RealmManager.swift */ = {isa = PBXFileReference; lastKnownFileType = sourcecode.swift; path = RealmManager.swift; sourceTree = "<group>"; };
		0E4AB2372BCD721700ADB623 /* History.swift */ = {isa = PBXFileReference; lastKnownFileType = sourcecode.swift; path = History.swift; sourceTree = "<group>"; };
		0E4AB23E2BD0FD6400ADB623 /* KeyboardHandler.swift */ = {isa = PBXFileReference; lastKnownFileType = sourcecode.swift; path = KeyboardHandler.swift; sourceTree = "<group>"; };
		0E4AB2402BD1090B00ADB623 /* Date+.swift */ = {isa = PBXFileReference; lastKnownFileType = sourcecode.swift; path = "Date+.swift"; sourceTree = "<group>"; };
		0E58AB812B85BF5C00EB8C78 /* SelectPlantView.swift */ = {isa = PBXFileReference; lastKnownFileType = sourcecode.swift; path = SelectPlantView.swift; sourceTree = "<group>"; };
		0E58AB832B8CAD1C00EB8C78 /* PlantCardView.swift */ = {isa = PBXFileReference; lastKnownFileType = sourcecode.swift; path = PlantCardView.swift; sourceTree = "<group>"; };
		0E58AB8E2B8E05AA00EB8C78 /* CompleteChapterView.swift */ = {isa = PBXFileReference; lastKnownFileType = sourcecode.swift; path = CompleteChapterView.swift; sourceTree = "<group>"; };
		0E62B7402BFB184C0011B34E /* UnevenRoundedRectangle.swift */ = {isa = PBXFileReference; lastKnownFileType = sourcecode.swift; path = UnevenRoundedRectangle.swift; sourceTree = "<group>"; };
		0E804A082C465B3000582121 /* GardenPlant.swift */ = {isa = PBXFileReference; lastKnownFileType = sourcecode.swift; path = GardenPlant.swift; sourceTree = "<group>"; };
		0E9532F92BDCB9580081DCE0 /* HistoryView.swift */ = {isa = PBXFileReference; lastKnownFileType = sourcecode.swift; path = HistoryView.swift; sourceTree = "<group>"; };
		0E9532FB2BDCBB1A0081DCE0 /* HistoryViewModel.swift */ = {isa = PBXFileReference; lastKnownFileType = sourcecode.swift; path = HistoryViewModel.swift; sourceTree = "<group>"; };
		0EEBB6C62B7DDA6E003E09C6 /* Emptypot.scn */ = {isa = PBXFileReference; lastKnownFileType = file.bplist; path = Emptypot.scn; sourceTree = "<group>"; };
		0EEBB6C82B7DEA60003E09C6 /* Bubble.scn */ = {isa = PBXFileReference; lastKnownFileType = file.bplist; path = Bubble.scn; sourceTree = "<group>"; };
		0EEBB6CA2B7DEA65003E09C6 /* Gardenground.scn */ = {isa = PBXFileReference; lastKnownFileType = file.bplist; path = Gardenground.scn; sourceTree = "<group>"; };
		0EF36DBC2CEDC6E900867365 /* Broom.tsv */ = {isa = PBXFileReference; lastKnownFileType = text; path = Broom.tsv; sourceTree = "<group>"; };
		0EF36DBD2CEDC6E900867365 /* Dandelion.tsv */ = {isa = PBXFileReference; lastKnownFileType = text; path = Dandelion.tsv; sourceTree = "<group>"; };
		0EF36DBE2CEDC6E900867365 /* Lotus.tsv */ = {isa = PBXFileReference; lastKnownFileType = text; path = Lotus.tsv; sourceTree = "<group>"; };
		0EF36DBF2CEDC6E900867365 /* Morningglory.tsv */ = {isa = PBXFileReference; lastKnownFileType = text; path = Morningglory.tsv; sourceTree = "<group>"; };
		0EF36DC02CEDC6E900867365 /* Sanseberia.tsv */ = {isa = PBXFileReference; lastKnownFileType = text; path = Sanseberia.tsv; sourceTree = "<group>"; };
		0EF36DC72CEDC70E00867365 /* Chapters.tsv */ = {isa = PBXFileReference; lastKnownFileType = text; path = Chapters.tsv; sourceTree = "<group>"; };
		0EF36DD82CEDC7E400867365 /* Gardenground_Autumn.scn */ = {isa = PBXFileReference; lastKnownFileType = file.bplist; path = Gardenground_Autumn.scn; sourceTree = "<group>"; };
		0EF36DDA2CEDC7F900867365 /* Gardenground_Spring.scn */ = {isa = PBXFileReference; lastKnownFileType = file.bplist; path = Gardenground_Spring.scn; sourceTree = "<group>"; };
		0EF36DDC2CEDC80600867365 /* Gardenground_Summer.scn */ = {isa = PBXFileReference; lastKnownFileType = file.bplist; path = Gardenground_Summer.scn; sourceTree = "<group>"; };
		0EF36DDE2CEDC81300867365 /* Gardenground_Winter.scn */ = {isa = PBXFileReference; lastKnownFileType = file.bplist; path = Gardenground_Winter.scn; sourceTree = "<group>"; };
		0EF36E562CEEFF5200867365 /* Freesia.scn */ = {isa = PBXFileReference; lastKnownFileType = file.bplist; path = Freesia.scn; sourceTree = "<group>"; };
		0EF36E582CEEFF6600867365 /* Morningglory1.scn */ = {isa = PBXFileReference; lastKnownFileType = file.bplist; path = Morningglory1.scn; sourceTree = "<group>"; };
		0EF36E5A2CEEFF6E00867365 /* Morningglory2.scn */ = {isa = PBXFileReference; lastKnownFileType = file.bplist; path = Morningglory2.scn; sourceTree = "<group>"; };
		0EF36E5C2CEEFF7800867365 /* Morningglory3.scn */ = {isa = PBXFileReference; lastKnownFileType = file.bplist; path = Morningglory3.scn; sourceTree = "<group>"; };
		0EF36E5E2CEEFF7C00867365 /* Morningglory_Garden.scn */ = {isa = PBXFileReference; lastKnownFileType = file.bplist; path = Morningglory_Garden.scn; sourceTree = "<group>"; };
		0EF36E602CEEFF9000867365 /* Sanseberia1.scn */ = {isa = PBXFileReference; lastKnownFileType = file.bplist; path = Sanseberia1.scn; sourceTree = "<group>"; };
		0EF36E622CEEFF9600867365 /* Sanseberia2.scn */ = {isa = PBXFileReference; lastKnownFileType = file.bplist; path = Sanseberia2.scn; sourceTree = "<group>"; };
		0EF36E642CEEFF9B00867365 /* Sanseberia3.scn */ = {isa = PBXFileReference; lastKnownFileType = file.bplist; path = Sanseberia3.scn; sourceTree = "<group>"; };
		0EF36E662CEEFF9F00867365 /* Sanseberia_Garden.scn */ = {isa = PBXFileReference; lastKnownFileType = file.bplist; path = Sanseberia_Garden.scn; sourceTree = "<group>"; };
		0EF36E682CEEFFB300867365 /* Dandelion1.scn */ = {isa = PBXFileReference; lastKnownFileType = file.bplist; path = Dandelion1.scn; sourceTree = "<group>"; };
		0EF36E6A2CEEFFB800867365 /* Dandelion2.scn */ = {isa = PBXFileReference; lastKnownFileType = file.bplist; path = Dandelion2.scn; sourceTree = "<group>"; };
		0EF36E6C2CEEFFBC00867365 /* Dandelion3.scn */ = {isa = PBXFileReference; lastKnownFileType = file.bplist; path = Dandelion3.scn; sourceTree = "<group>"; };
		0EF36E6E2CEEFFC000867365 /* Dandelion_Garden.scn */ = {isa = PBXFileReference; lastKnownFileType = file.bplist; path = Dandelion_Garden.scn; sourceTree = "<group>"; };
		0EF36E702CEEFFD600867365 /* Lotus1.scn */ = {isa = PBXFileReference; lastKnownFileType = file.bplist; path = Lotus1.scn; sourceTree = "<group>"; };
		0EF36E722CEEFFDA00867365 /* Lotus2.scn */ = {isa = PBXFileReference; lastKnownFileType = file.bplist; path = Lotus2.scn; sourceTree = "<group>"; };
		0EF36E742CEEFFDE00867365 /* Lotus3.scn */ = {isa = PBXFileReference; lastKnownFileType = file.bplist; path = Lotus3.scn; sourceTree = "<group>"; };
		0EF36E762CEEFFE300867365 /* Lotus_Garden.scn */ = {isa = PBXFileReference; lastKnownFileType = file.bplist; path = Lotus_Garden.scn; sourceTree = "<group>"; };
		0EF36E782CEEFFF200867365 /* Broom1.scn */ = {isa = PBXFileReference; lastKnownFileType = file.bplist; path = Broom1.scn; sourceTree = "<group>"; };
		0EF36E7A2CEEFFF700867365 /* Broom2.scn */ = {isa = PBXFileReference; lastKnownFileType = file.bplist; path = Broom2.scn; sourceTree = "<group>"; };
		0EF36E7C2CEEFFFB00867365 /* Broom3.scn */ = {isa = PBXFileReference; lastKnownFileType = file.bplist; path = Broom3.scn; sourceTree = "<group>"; };
		0EF36E7E2CEEFFFF00867365 /* Broom_Garden.scn */ = {isa = PBXFileReference; lastKnownFileType = file.bplist; path = Broom_Garden.scn; sourceTree = "<group>"; };
		0EF36E802CEF001F00867365 /* Lavender1.scn */ = {isa = PBXFileReference; lastKnownFileType = file.bplist; path = Lavender1.scn; sourceTree = "<group>"; };
		0EF36E822CEF002300867365 /* Lavender2.scn */ = {isa = PBXFileReference; lastKnownFileType = file.bplist; path = Lavender2.scn; sourceTree = "<group>"; };
		0EF36E842CEF002700867365 /* Lavender3.scn */ = {isa = PBXFileReference; lastKnownFileType = file.bplist; path = Lavender3.scn; sourceTree = "<group>"; };
		0EF36E862CEF002B00867365 /* Lavender_Garden.scn */ = {isa = PBXFileReference; lastKnownFileType = file.bplist; path = Lavender_Garden.scn; sourceTree = "<group>"; };
		0EF36E882CEF003800867365 /* Hanamaru1.scn */ = {isa = PBXFileReference; lastKnownFileType = file.bplist; path = Hanamaru1.scn; sourceTree = "<group>"; };
		0EF36E8A2CEF003C00867365 /* Hanamaru2.scn */ = {isa = PBXFileReference; lastKnownFileType = file.bplist; path = Hanamaru2.scn; sourceTree = "<group>"; };
		0EF36E8C2CEF004000867365 /* Hanamaru3.scn */ = {isa = PBXFileReference; lastKnownFileType = file.bplist; path = Hanamaru3.scn; sourceTree = "<group>"; };
		0EF36E8E2CEF004500867365 /* Hanamaru_Garden.scn */ = {isa = PBXFileReference; lastKnownFileType = file.bplist; path = Hanamaru_Garden.scn; sourceTree = "<group>"; };
		0EF36E902CEF005900867365 /* Cactus1.scn */ = {isa = PBXFileReference; lastKnownFileType = file.bplist; path = Cactus1.scn; sourceTree = "<group>"; };
		0EF36E922CEF005F00867365 /* Cactus2.scn */ = {isa = PBXFileReference; lastKnownFileType = file.bplist; path = Cactus2.scn; sourceTree = "<group>"; };
		0EF36E942CEF006700867365 /* Cactus3.scn */ = {isa = PBXFileReference; lastKnownFileType = file.bplist; path = Cactus3.scn; sourceTree = "<group>"; };
		0EF36E962CEF006B00867365 /* Cactus_Garden.scn */ = {isa = PBXFileReference; lastKnownFileType = file.bplist; path = Cactus_Garden.scn; sourceTree = "<group>"; };
		0EF36E982CEF007900867365 /* Pasqueflower1.scn */ = {isa = PBXFileReference; lastKnownFileType = file.bplist; path = Pasqueflower1.scn; sourceTree = "<group>"; };
		0EF36E9A2CEF007D00867365 /* Pasqueflower2.scn */ = {isa = PBXFileReference; lastKnownFileType = file.bplist; path = Pasqueflower2.scn; sourceTree = "<group>"; };
		0EF36E9C2CEF008200867365 /* Pasqueflower3.scn */ = {isa = PBXFileReference; lastKnownFileType = file.bplist; path = Pasqueflower3.scn; sourceTree = "<group>"; };
		0EF36E9E2CEF008700867365 /* Pasqueflower_Garden.scn */ = {isa = PBXFileReference; lastKnownFileType = file.bplist; path = Pasqueflower_Garden.scn; sourceTree = "<group>"; };
		0EF36EA02CEF009400867365 /* Compass1.scn */ = {isa = PBXFileReference; lastKnownFileType = file.bplist; path = Compass1.scn; sourceTree = "<group>"; };
		0EF36EA22CEF009900867365 /* Compass2.scn */ = {isa = PBXFileReference; lastKnownFileType = file.bplist; path = Compass2.scn; sourceTree = "<group>"; };
		0EF36EA42CEF009D00867365 /* Compass3.scn */ = {isa = PBXFileReference; lastKnownFileType = file.bplist; path = Compass3.scn; sourceTree = "<group>"; };
		0EF36EA62CEF00A100867365 /* Compass_Garden.scn */ = {isa = PBXFileReference; lastKnownFileType = file.bplist; path = Compass_Garden.scn; sourceTree = "<group>"; };
		0EF36EA82CEF00C600867365 /* Maple1.scn */ = {isa = PBXFileReference; lastKnownFileType = file.bplist; path = Maple1.scn; sourceTree = "<group>"; };
		0EF36EAA2CEF00CD00867365 /* Maple2.scn */ = {isa = PBXFileReference; lastKnownFileType = file.bplist; path = Maple2.scn; sourceTree = "<group>"; };
		0EF36EAC2CEF00D100867365 /* Maple3.scn */ = {isa = PBXFileReference; lastKnownFileType = file.bplist; path = Maple3.scn; sourceTree = "<group>"; };
		0EF36EAE2CEF00D600867365 /* Maple_Garden.scn */ = {isa = PBXFileReference; lastKnownFileType = file.bplist; path = Maple_Garden.scn; sourceTree = "<group>"; };
		0EF36EB02CEF00E700867365 /* Cottontree1.scn */ = {isa = PBXFileReference; lastKnownFileType = file.bplist; path = Cottontree1.scn; sourceTree = "<group>"; };
		0EF36EB22CEF00EC00867365 /* Cottontree2.scn */ = {isa = PBXFileReference; lastKnownFileType = file.bplist; path = Cottontree2.scn; sourceTree = "<group>"; };
		0EF36EB42CEF00F000867365 /* Cottontree3.scn */ = {isa = PBXFileReference; lastKnownFileType = file.bplist; path = Cottontree3.scn; sourceTree = "<group>"; };
		0EF36EB62CEF00F500867365 /* Cottontree_Garden.scn */ = {isa = PBXFileReference; lastKnownFileType = file.bplist; path = Cottontree_Garden.scn; sourceTree = "<group>"; };
		0EF36EB82CEF02F400867365 /* AutumnPlants.tsv */ = {isa = PBXFileReference; lastKnownFileType = text; path = AutumnPlants.tsv; sourceTree = "<group>"; };
		0EF36EB92CEF02F400867365 /* SpringPlants.tsv */ = {isa = PBXFileReference; lastKnownFileType = text; path = SpringPlants.tsv; sourceTree = "<group>"; };
		0EF36EBA2CEF02F400867365 /* SummerPlants.tsv */ = {isa = PBXFileReference; lastKnownFileType = text; path = SummerPlants.tsv; sourceTree = "<group>"; };
		0EF36EBB2CEF02F400867365 /* WinterPlants.tsv */ = {isa = PBXFileReference; lastKnownFileType = text; path = WinterPlants.tsv; sourceTree = "<group>"; };
		0EF5FE922B4FC02100D64E5E /* ForestTori.app */ = {isa = PBXFileReference; explicitFileType = wrapper.application; includeInIndex = 0; path = ForestTori.app; sourceTree = BUILT_PRODUCTS_DIR; };
		0EF5FE952B4FC02100D64E5E /* ForestToriApp.swift */ = {isa = PBXFileReference; lastKnownFileType = sourcecode.swift; path = ForestToriApp.swift; sourceTree = "<group>"; };
		0EF5FE992B4FC02200D64E5E /* Assets.xcassets */ = {isa = PBXFileReference; lastKnownFileType = folder.assetcatalog; path = Assets.xcassets; sourceTree = "<group>"; };
		0EF5FE9C2B4FC02200D64E5E /* Preview Assets.xcassets */ = {isa = PBXFileReference; lastKnownFileType = folder.assetcatalog; path = "Preview Assets.xcassets"; sourceTree = "<group>"; };
		0EF5FEA42B4FC0E700D64E5E /* .swiftlint.yml */ = {isa = PBXFileReference; lastKnownFileType = text.yaml; path = .swiftlint.yml; sourceTree = "<group>"; };
		5B1676E02C384B16009DA49F /* NotificationManager.swift */ = {isa = PBXFileReference; lastKnownFileType = sourcecode.swift; path = NotificationManager.swift; sourceTree = "<group>"; };
		5B68A4252B8454790004E89A /* ServieStateView.swift */ = {isa = PBXFileReference; lastKnownFileType = sourcecode.swift; path = ServieStateView.swift; sourceTree = "<group>"; };
		5B68A4362B845E200004E89A /* View+.swift */ = {isa = PBXFileReference; fileEncoding = 4; lastKnownFileType = sourcecode.swift; path = "View+.swift"; sourceTree = "<group>"; };
		5B72DDC72B91BA8B002EA734 /* EpilogueViewModel.swift */ = {isa = PBXFileReference; lastKnownFileType = sourcecode.swift; path = EpilogueViewModel.swift; sourceTree = "<group>"; };
		5B9152A72B84402C0068418F /* OnboardingTextBox.swift */ = {isa = PBXFileReference; lastKnownFileType = sourcecode.swift; path = OnboardingTextBox.swift; sourceTree = "<group>"; };
		5BA395432B7252C00019A545 /* GameManager.swift */ = {isa = PBXFileReference; lastKnownFileType = sourcecode.swift; path = GameManager.swift; sourceTree = "<group>"; };
		5BA3955A2B7E32A70019A545 /* Info.plist */ = {isa = PBXFileReference; lastKnownFileType = text.plist; path = Info.plist; sourceTree = "<group>"; };
		5BA3955B2B7E359F0019A545 /* OnboardingView.swift */ = {isa = PBXFileReference; lastKnownFileType = sourcecode.swift; path = OnboardingView.swift; sourceTree = "<group>"; };
		5BA3955D2B7E377D0019A545 /* OnboardingGreetingView.swift */ = {isa = PBXFileReference; lastKnownFileType = sourcecode.swift; path = OnboardingGreetingView.swift; sourceTree = "<group>"; };
		5BA3955F2B7E37900019A545 /* OnboardingIntroductionView.swift */ = {isa = PBXFileReference; lastKnownFileType = sourcecode.swift; path = OnboardingIntroductionView.swift; sourceTree = "<group>"; };
		5BA395632B7E4A230019A545 /* OnboardingViewModel.swift */ = {isa = PBXFileReference; lastKnownFileType = sourcecode.swift; path = OnboardingViewModel.swift; sourceTree = "<group>"; };
		5BA395662B7F54E10019A545 /* Pretendard-Bold.ttf */ = {isa = PBXFileReference; lastKnownFileType = file; path = "Pretendard-Bold.ttf"; sourceTree = "<group>"; };
		5BA395682B7F54EE0019A545 /* Pretendard-SemiBold.ttf */ = {isa = PBXFileReference; lastKnownFileType = file; path = "Pretendard-SemiBold.ttf"; sourceTree = "<group>"; };
		5BA3956A2B7F54F50019A545 /* Pretendard-Regular.ttf */ = {isa = PBXFileReference; lastKnownFileType = file; path = "Pretendard-Regular.ttf"; sourceTree = "<group>"; };
		5BA3956C2B7F55020019A545 /* Pretendard-Light.ttf */ = {isa = PBXFileReference; lastKnownFileType = file; path = "Pretendard-Light.ttf"; sourceTree = "<group>"; };
		5BA395702B7F84410019A545 /* Onboarding.swift */ = {isa = PBXFileReference; lastKnownFileType = sourcecode.swift; path = Onboarding.swift; sourceTree = "<group>"; };
		5BA3957E2B8235AF0019A545 /* OnboardingSkipButton.swift */ = {isa = PBXFileReference; lastKnownFileType = sourcecode.swift; path = OnboardingSkipButton.swift; sourceTree = "<group>"; };
		5BA395802B8235CE0019A545 /* OnboardingDoneButton.swift */ = {isa = PBXFileReference; lastKnownFileType = sourcecode.swift; path = OnboardingDoneButton.swift; sourceTree = "<group>"; };
		5BA395832B82495B0019A545 /* OnboardingNamingView.swift */ = {isa = PBXFileReference; lastKnownFileType = sourcecode.swift; path = OnboardingNamingView.swift; sourceTree = "<group>"; };
		5BA395852B824D950019A545 /* NameSettingView.swift */ = {isa = PBXFileReference; lastKnownFileType = sourcecode.swift; path = NameSettingView.swift; sourceTree = "<group>"; };
		5BA395872B826CEA0019A545 /* OnboardingCompletionView.swift */ = {isa = PBXFileReference; lastKnownFileType = sourcecode.swift; path = OnboardingCompletionView.swift; sourceTree = "<group>"; };
		5BA885832B90698900041393 /* EpilogueView.swift */ = {isa = PBXFileReference; lastKnownFileType = sourcecode.swift; path = EpilogueView.swift; sourceTree = "<group>"; };
		5BA931102B62602200F48AF1 /* User.swift */ = {isa = PBXFileReference; lastKnownFileType = sourcecode.swift; path = User.swift; sourceTree = "<group>"; };
		5BA931122B62603200F48AF1 /* Plant.swift */ = {isa = PBXFileReference; lastKnownFileType = sourcecode.swift; path = Plant.swift; sourceTree = "<group>"; };
		5BA931142B62604800F48AF1 /* Chapter.swift */ = {isa = PBXFileReference; lastKnownFileType = sourcecode.swift; path = Chapter.swift; sourceTree = "<group>"; };
		5BA931162B62605D00F48AF1 /* Mission.swift */ = {isa = PBXFileReference; lastKnownFileType = sourcecode.swift; path = Mission.swift; sourceTree = "<group>"; };
		5BA931182B6260CC00F48AF1 /* DataManager.swift */ = {isa = PBXFileReference; lastKnownFileType = sourcecode.swift; path = DataManager.swift; sourceTree = "<group>"; };
		5BABC2C82B899D8B00C74E3C /* GardenView.swift */ = {isa = PBXFileReference; lastKnownFileType = sourcecode.swift; path = GardenView.swift; sourceTree = "<group>"; };
		5BBABDE02BCD180A00F51288 /* CameraPreview.swift */ = {isa = PBXFileReference; lastKnownFileType = sourcecode.swift; path = CameraPreview.swift; sourceTree = "<group>"; };
		5BBABDE22BCD716800F51288 /* GardenARViewModel.swift */ = {isa = PBXFileReference; lastKnownFileType = sourcecode.swift; path = GardenARViewModel.swift; sourceTree = "<group>"; };
		5BC6F87B2C95D13B005CA85C /* PlantContentView.swift */ = {isa = PBXFileReference; lastKnownFileType = sourcecode.swift; path = PlantContentView.swift; sourceTree = "<group>"; };
		5BC6F87F2C9F03D9005CA85C /* MainViewModel.swift */ = {isa = PBXFileReference; lastKnownFileType = sourcecode.swift; path = MainViewModel.swift; sourceTree = "<group>"; };
		5BDA85462BCC156400C5C67C /* GardenARView.swift */ = {isa = PBXFileReference; lastKnownFileType = sourcecode.swift; path = GardenARView.swift; sourceTree = "<group>"; };
		5BE2F62F2BC03AF90049A988 /* GardenScene.swift */ = {isa = PBXFileReference; lastKnownFileType = sourcecode.swift; path = GardenScene.swift; sourceTree = "<group>"; };
		5BE672832C71DE6B00D9F0E8 /* ImageCropView.swift */ = {isa = PBXFileReference; lastKnownFileType = sourcecode.swift; path = ImageCropView.swift; sourceTree = "<group>"; };
		5BEA73052BD77F6E00BF5ADA /* ServiceStateViewModel.swift */ = {isa = PBXFileReference; fileEncoding = 4; lastKnownFileType = sourcecode.swift; path = ServiceStateViewModel.swift; sourceTree = "<group>"; };
		5BEA730B2BD7D17700BF5ADA /* EndingView.swift */ = {isa = PBXFileReference; lastKnownFileType = sourcecode.swift; path = EndingView.swift; sourceTree = "<group>"; };
/* End PBXFileReference section */

/* Begin PBXFrameworksBuildPhase section */
		0EF5FE8F2B4FC02100D64E5E /* Frameworks */ = {
			isa = PBXFrameworksBuildPhase;
			buildActionMask = 2147483647;
			files = (
				5BC6F8782C9582A8005CA85C /* RealmSwift in Frameworks */,
			);
			runOnlyForDeploymentPostprocessing = 0;
		};
/* End PBXFrameworksBuildPhase section */

/* Begin PBXGroup section */
		0E1AE7012B7E1883001C9A30 /* Main */ = {
			isa = PBXGroup;
			children = (
				0E4AB2292BCD3E6F00ADB623 /* History */,
				0E1AE6FF2B7E1880001C9A30 /* MainView.swift */,
				5BC6F87B2C95D13B005CA85C /* PlantContentView.swift */,
				0E1AE7042B7E18AF001C9A30 /* PlantPotView.swift */,
				0E58AB812B85BF5C00EB8C78 /* SelectPlantView.swift */,
				0E58AB832B8CAD1C00EB8C78 /* PlantCardView.swift */,
				0E58AB8E2B8E05AA00EB8C78 /* CompleteChapterView.swift */,
			);
			path = Main;
			sourceTree = "<group>";
		};
		0E4AB2292BCD3E6F00ADB623 /* History */ = {
			isa = PBXGroup;
			children = (
				0E4AB22A2BCD3E7E00ADB623 /* WriteHistoryView.swift */,
				0E4AB2312BCD66A400ADB623 /* ImagePicker.swift */,
				5BE672832C71DE6B00D9F0E8 /* ImageCropView.swift */,
			);
			path = History;
			sourceTree = "<group>";
		};
		0E5AA5482BA17F3B00727C79 /* Manager */ = {
			isa = PBXGroup;
			children = (
				5BA395432B7252C00019A545 /* GameManager.swift */,
				5BA931182B6260CC00F48AF1 /* DataManager.swift */,
				0E4AB2352BCD70F400ADB623 /* RealmManager.swift */,
				5B1676E02C384B16009DA49F /* NotificationManager.swift */,
			);
			path = Manager;
			sourceTree = "<group>";
		};
		0E6AB0DD2BC1159700B12610 /* Chapters */ = {
			isa = PBXGroup;
			children = (
				0EF36DC72CEDC70E00867365 /* Chapters.tsv */,
				0EF36EB92CEF02F400867365 /* SpringPlants.tsv */,
				0EF36EBA2CEF02F400867365 /* SummerPlants.tsv */,
				0EF36EB82CEF02F400867365 /* AutumnPlants.tsv */,
				0EF36EBB2CEF02F400867365 /* WinterPlants.tsv */,
			);
			path = Chapters;
			sourceTree = "<group>";
		};
		0EADEAAE2B7DF4E90036D190 /* Component */ = {
			isa = PBXGroup;
			children = (
				5BA395822B8235D40019A545 /* Buttons */,
				5B9152A92B8440300068418F /* TextBoxes */,
				0E4AB2272BC90A4C00ADB623 /* ProgressStyle.swift */,
				5BE2F6312BC03B000049A988 /* Scenes */,
				0E214B5E2BDFC85500558004 /* BottomSheet.swift */,
				0E62B7402BFB184C0011B34E /* UnevenRoundedRectangle.swift */,
				0E2F50A92C86F6010054628F /* ChapterButtonStyle.swift */,
			);
			path = Component;
			sourceTree = "<group>";
		};
		0EADEAB42B7DF5140036D190 /* Extension */ = {
			isa = PBXGroup;
			children = (
				0E1AE6FD2B7E185B001C9A30 /* Font+.swift */,
				5B68A4362B845E200004E89A /* View+.swift */,
				0E4AB2402BD1090B00ADB623 /* Date+.swift */,
				0E214B642BE34B5A00558004 /* String+.swift */,
			);
			path = Extension;
			sourceTree = "<group>";
		};
		0EEBB6C52B7DDA4B003E09C6 /* 3D_Objects */ = {
			isa = PBXGroup;
			children = (
				0EEBB6CC2B7DEA77003E09C6 /* 3D_Components */,
				0EEBB6CD2B7DEA8D003E09C6 /* 3D_Plants */,
			);
			path = 3D_Objects;
			sourceTree = "<group>";
		};
		0EEBB6CC2B7DEA77003E09C6 /* 3D_Components */ = {
			isa = PBXGroup;
			children = (
				0EEBB6C62B7DDA6E003E09C6 /* Emptypot.scn */,
				0EEBB6C82B7DEA60003E09C6 /* Bubble.scn */,
				0EEBB6CA2B7DEA65003E09C6 /* Gardenground.scn */,
				0EF36DD82CEDC7E400867365 /* Gardenground_Autumn.scn */,
				0EF36DDA2CEDC7F900867365 /* Gardenground_Spring.scn */,
				0EF36DDC2CEDC80600867365 /* Gardenground_Summer.scn */,
				0EF36DDE2CEDC81300867365 /* Gardenground_Winter.scn */,
			);
			path = 3D_Components;
			sourceTree = "<group>";
		};
		0EEBB6CD2B7DEA8D003E09C6 /* 3D_Plants */ = {
			isa = PBXGroup;
			children = (
				0EEBB6D02B7DEAD6003E09C6 /* Freesia */,
				0EF36DE02CEDC84200867365 /* Spring */,
				0EF36DE12CEDC84800867365 /* Summer */,
				0EF36DE22CEDC85100867365 /* Autumn */,
				0EF36DE32CEDC85800867365 /* Winter */,
			);
			path = 3D_Plants;
			sourceTree = "<group>";
		};
		0EEBB6D02B7DEAD6003E09C6 /* Freesia */ = {
			isa = PBXGroup;
			children = (
				0EF36E562CEEFF5200867365 /* Freesia.scn */,
			);
			path = Freesia;
			sourceTree = "<group>";
		};
		0EEBB6D22B7DEAD7003E09C6 /* Cottontree */ = {
			isa = PBXGroup;
			children = (
				0EF36EB02CEF00E700867365 /* Cottontree1.scn */,
				0EF36EB22CEF00EC00867365 /* Cottontree2.scn */,
				0EF36EB42CEF00F000867365 /* Cottontree3.scn */,
				0EF36EB62CEF00F500867365 /* Cottontree_Garden.scn */,
			);
			path = Cottontree;
			sourceTree = "<group>";
		};
		0EEBB6E52B7DEAD7003E09C6 /* Maple */ = {
			isa = PBXGroup;
			children = (
				0EF36EA82CEF00C600867365 /* Maple1.scn */,
				0EF36EAA2CEF00CD00867365 /* Maple2.scn */,
				0EF36EAC2CEF00D100867365 /* Maple3.scn */,
				0EF36EAE2CEF00D600867365 /* Maple_Garden.scn */,
			);
			path = Maple;
			sourceTree = "<group>";
		};
		0EF36DBB2CEDC6D900867365 /* Spring */ = {
			isa = PBXGroup;
			children = (
				0EF36DBC2CEDC6E900867365 /* Broom.tsv */,
				0EF36DBD2CEDC6E900867365 /* Dandelion.tsv */,
				0EF36DBE2CEDC6E900867365 /* Lotus.tsv */,
				0EF36DBF2CEDC6E900867365 /* Morningglory.tsv */,
				0EF36DC02CEDC6E900867365 /* Sanseberia.tsv */,
			);
			path = Spring;
			sourceTree = "<group>";
		};
		0EF36DE02CEDC84200867365 /* Spring */ = {
			isa = PBXGroup;
			children = (
				0EF36DEE2CEEFB5800867365 /* MorningGlory */,
				0EF36DED2CEEFB4E00867365 /* Sanseberia */,
				0EF36DEC2CEEFB4600867365 /* Dandelion */,
				0EF36DEB2CEEFB3C00867365 /* Lotus */,
				0EF36DEA2CEEFB3300867365 /* Broom */,
			);
			path = Spring;
			sourceTree = "<group>";
		};
		0EF36DE12CEDC84800867365 /* Summer */ = {
			isa = PBXGroup;
			children = (
				0EF36E1B2CEEFDC600867365 /* Lavender */,
				0EF36E1A2CEEFDBE00867365 /* Hanamaru */,
				0EF36E192CEEFDB500867365 /* Cactus */,
				0EF36E182CEEFDA900867365 /* PasqueFlower */,
				0EF36E172CEEFD9D00867365 /* Compass */,
			);
			path = Summer;
			sourceTree = "<group>";
		};
		0EF36DE22CEDC85100867365 /* Autumn */ = {
			isa = PBXGroup;
			children = (
				0EEBB6E52B7DEAD7003E09C6 /* Maple */,
			);
			path = Autumn;
			sourceTree = "<group>";
		};
		0EF36DE32CEDC85800867365 /* Winter */ = {
			isa = PBXGroup;
			children = (
				0EEBB6D22B7DEAD7003E09C6 /* Cottontree */,
			);
			path = Winter;
			sourceTree = "<group>";
		};
		0EF36DEA2CEEFB3300867365 /* Broom */ = {
			isa = PBXGroup;
			children = (
				0EF36E782CEEFFF200867365 /* Broom1.scn */,
				0EF36E7A2CEEFFF700867365 /* Broom2.scn */,
				0EF36E7C2CEEFFFB00867365 /* Broom3.scn */,
				0EF36E7E2CEEFFFF00867365 /* Broom_Garden.scn */,
			);
			path = Broom;
			sourceTree = "<group>";
		};
		0EF36DEB2CEEFB3C00867365 /* Lotus */ = {
			isa = PBXGroup;
			children = (
				0EF36E702CEEFFD600867365 /* Lotus1.scn */,
				0EF36E722CEEFFDA00867365 /* Lotus2.scn */,
				0EF36E742CEEFFDE00867365 /* Lotus3.scn */,
				0EF36E762CEEFFE300867365 /* Lotus_Garden.scn */,
			);
			path = Lotus;
			sourceTree = "<group>";
		};
		0EF36DEC2CEEFB4600867365 /* Dandelion */ = {
			isa = PBXGroup;
			children = (
				0EF36E682CEEFFB300867365 /* Dandelion1.scn */,
				0EF36E6A2CEEFFB800867365 /* Dandelion2.scn */,
				0EF36E6C2CEEFFBC00867365 /* Dandelion3.scn */,
				0EF36E6E2CEEFFC000867365 /* Dandelion_Garden.scn */,
			);
			path = Dandelion;
			sourceTree = "<group>";
		};
		0EF36DED2CEEFB4E00867365 /* Sanseberia */ = {
			isa = PBXGroup;
			children = (
				0EF36E602CEEFF9000867365 /* Sanseberia1.scn */,
				0EF36E622CEEFF9600867365 /* Sanseberia2.scn */,
				0EF36E642CEEFF9B00867365 /* Sanseberia3.scn */,
				0EF36E662CEEFF9F00867365 /* Sanseberia_Garden.scn */,
			);
			path = Sanseberia;
			sourceTree = "<group>";
		};
		0EF36DEE2CEEFB5800867365 /* MorningGlory */ = {
			isa = PBXGroup;
			children = (
				0EF36E582CEEFF6600867365 /* Morningglory1.scn */,
				0EF36E5A2CEEFF6E00867365 /* Morningglory2.scn */,
				0EF36E5C2CEEFF7800867365 /* Morningglory3.scn */,
				0EF36E5E2CEEFF7C00867365 /* Morningglory_Garden.scn */,
			);
			path = MorningGlory;
			sourceTree = "<group>";
		};
		0EF36E172CEEFD9D00867365 /* Compass */ = {
			isa = PBXGroup;
			children = (
				0EF36EA02CEF009400867365 /* Compass1.scn */,
				0EF36EA22CEF009900867365 /* Compass2.scn */,
				0EF36EA42CEF009D00867365 /* Compass3.scn */,
				0EF36EA62CEF00A100867365 /* Compass_Garden.scn */,
			);
			path = Compass;
			sourceTree = "<group>";
		};
		0EF36E182CEEFDA900867365 /* PasqueFlower */ = {
			isa = PBXGroup;
			children = (
				0EF36E982CEF007900867365 /* Pasqueflower1.scn */,
				0EF36E9A2CEF007D00867365 /* Pasqueflower2.scn */,
				0EF36E9C2CEF008200867365 /* Pasqueflower3.scn */,
				0EF36E9E2CEF008700867365 /* Pasqueflower_Garden.scn */,
			);
			path = PasqueFlower;
			sourceTree = "<group>";
		};
		0EF36E192CEEFDB500867365 /* Cactus */ = {
			isa = PBXGroup;
			children = (
				0EF36E902CEF005900867365 /* Cactus1.scn */,
				0EF36E922CEF005F00867365 /* Cactus2.scn */,
				0EF36E942CEF006700867365 /* Cactus3.scn */,
				0EF36E962CEF006B00867365 /* Cactus_Garden.scn */,
			);
			path = Cactus;
			sourceTree = "<group>";
		};
		0EF36E1A2CEEFDBE00867365 /* Hanamaru */ = {
			isa = PBXGroup;
			children = (
				0EF36E882CEF003800867365 /* Hanamaru1.scn */,
				0EF36E8A2CEF003C00867365 /* Hanamaru2.scn */,
				0EF36E8C2CEF004000867365 /* Hanamaru3.scn */,
				0EF36E8E2CEF004500867365 /* Hanamaru_Garden.scn */,
			);
			path = Hanamaru;
			sourceTree = "<group>";
		};
		0EF36E1B2CEEFDC600867365 /* Lavender */ = {
			isa = PBXGroup;
			children = (
				0EF36E802CEF001F00867365 /* Lavender1.scn */,
				0EF36E822CEF002300867365 /* Lavender2.scn */,
				0EF36E842CEF002700867365 /* Lavender3.scn */,
				0EF36E862CEF002B00867365 /* Lavender_Garden.scn */,
			);
			path = Lavender;
			sourceTree = "<group>";
		};
		0EF5FE892B4FC02100D64E5E = {
			isa = PBXGroup;
			children = (
				0EF5FE942B4FC02100D64E5E /* ForestTori */,
				0EF5FE932B4FC02100D64E5E /* Products */,
			);
			sourceTree = "<group>";
		};
		0EF5FE932B4FC02100D64E5E /* Products */ = {
			isa = PBXGroup;
			children = (
				0EF5FE922B4FC02100D64E5E /* ForestTori.app */,
			);
			name = Products;
			sourceTree = "<group>";
		};
		0EF5FE942B4FC02100D64E5E /* ForestTori */ = {
			isa = PBXGroup;
			children = (
				5BA3955A2B7E32A70019A545 /* Info.plist */,
				0EF5FE952B4FC02100D64E5E /* ForestToriApp.swift */,
				0EF5FEC02B4FC4A300D64E5E /* Source */,
				0EF5FEA62B4FC2DF00D64E5E /* Resource */,
				0EF5FE9B2B4FC02200D64E5E /* Preview Content */,
				0EF5FEA42B4FC0E700D64E5E /* .swiftlint.yml */,
			);
			path = ForestTori;
			sourceTree = "<group>";
		};
		0EF5FE9B2B4FC02200D64E5E /* Preview Content */ = {
			isa = PBXGroup;
			children = (
				0EF5FE9C2B4FC02200D64E5E /* Preview Assets.xcassets */,
			);
			path = "Preview Content";
			sourceTree = "<group>";
		};
		0EF5FEA62B4FC2DF00D64E5E /* Resource */ = {
			isa = PBXGroup;
			children = (
				0E6AB0DD2BC1159700B12610 /* Chapters */,
				5BA395652B7F549D0019A545 /* Pretendard */,
				5B7E02AE2B5FE8BE0067B2FA /* CharacterDialogues */,
				0EEBB6C52B7DDA4B003E09C6 /* 3D_Objects */,
				0EF5FE992B4FC02200D64E5E /* Assets.xcassets */,
			);
			path = Resource;
			sourceTree = "<group>";
		};
		0EF5FEA72B4FC2F500D64E5E /* View */ = {
			isa = PBXGroup;
			children = (
				5B68A4252B8454790004E89A /* ServieStateView.swift */,
				0E1AE7012B7E1883001C9A30 /* Main */,
				5B9152A62B834AD90068418F /* Onboarding */,
				5B314A222B8DE06300719C55 /* Garden */,
			);
			path = View;
			sourceTree = "<group>";
		};
		0EF5FEA82B4FC2FC00D64E5E /* ViewModel */ = {
			isa = PBXGroup;
			children = (
				5BC6F87F2C9F03D9005CA85C /* MainViewModel.swift */,
				5BA395632B7E4A230019A545 /* OnboardingViewModel.swift */,
				5BEA73052BD77F6E00BF5ADA /* ServiceStateViewModel.swift */,
				5B72DDC72B91BA8B002EA734 /* EpilogueViewModel.swift */,
				0E4AB2332BCD6CE900ADB623 /* WriteHistoryViewModel.swift */,
				5BBABDE22BCD716800F51288 /* GardenARViewModel.swift */,
				0E9532FB2BDCBB1A0081DCE0 /* HistoryViewModel.swift */,
				0E2F50A72C86E0010054628F /* GardenViewModel.swift */,
			);
			path = ViewModel;
			sourceTree = "<group>";
		};
		0EF5FEA92B4FC30300D64E5E /* Model */ = {
			isa = PBXGroup;
			children = (
				5BA931102B62602200F48AF1 /* User.swift */,
				5BA931122B62603200F48AF1 /* Plant.swift */,
				5BA931142B62604800F48AF1 /* Chapter.swift */,
				5BA931162B62605D00F48AF1 /* Mission.swift */,
				0E1AE7142B80A833001C9A30 /* Dialogue.swift */,
				5BA395702B7F84410019A545 /* Onboarding.swift */,
				0E4AB2372BCD721700ADB623 /* History.swift */,
				0E804A082C465B3000582121 /* GardenPlant.swift */,
			);
			path = Model;
			sourceTree = "<group>";
		};
		0EF5FEAA2B4FC39300D64E5E /* Utils */ = {
			isa = PBXGroup;
			children = (
				0E5AA5482BA17F3B00727C79 /* Manager */,
				0EADEAAE2B7DF4E90036D190 /* Component */,
				0EADEAB42B7DF5140036D190 /* Extension */,
				0E4AB23E2BD0FD6400ADB623 /* KeyboardHandler.swift */,
			);
			path = Utils;
			sourceTree = "<group>";
		};
		0EF5FEC02B4FC4A300D64E5E /* Source */ = {
			isa = PBXGroup;
			children = (
				0EF5FEA72B4FC2F500D64E5E /* View */,
				5BEA730A2BD7D14600BF5ADA /* Ending */,
				0EF5FEA82B4FC2FC00D64E5E /* ViewModel */,
				0EF5FEA92B4FC30300D64E5E /* Model */,
				0EF5FEAA2B4FC39300D64E5E /* Utils */,
			);
			path = Source;
			sourceTree = "<group>";
		};
		5B314A222B8DE06300719C55 /* Garden */ = {
			isa = PBXGroup;
			children = (
				5BABC2C82B899D8B00C74E3C /* GardenView.swift */,
				5BDA85462BCC156400C5C67C /* GardenARView.swift */,
				5BBABDE02BCD180A00F51288 /* CameraPreview.swift */,
				0E9532F92BDCB9580081DCE0 /* HistoryView.swift */,
				0E214B602BDFD52900558004 /* HistoryDetailView.swift */,
			);
			path = Garden;
			sourceTree = "<group>";
		};
		5B7E02AE2B5FE8BE0067B2FA /* CharacterDialogues */ = {
			isa = PBXGroup;
			children = (
				0EF36DBB2CEDC6D900867365 /* Spring */,
				0E1AE71B2B80B9B2001C9A30 /* AutumnCharacter.tsv */,
				0E1AE7192B80B9B1001C9A30 /* SummerCharacter.tsv */,
				0E1AE7182B80B9B1001C9A30 /* WinterCharacter.tsv */,
			);
			path = CharacterDialogues;
			sourceTree = "<group>";
		};
		5B9152A62B834AD90068418F /* Onboarding */ = {
			isa = PBXGroup;
			children = (
				5BA3955B2B7E359F0019A545 /* OnboardingView.swift */,
				5BA3955D2B7E377D0019A545 /* OnboardingGreetingView.swift */,
				5BA395872B826CEA0019A545 /* OnboardingCompletionView.swift */,
				5BA3955F2B7E37900019A545 /* OnboardingIntroductionView.swift */,
				5BA395832B82495B0019A545 /* OnboardingNamingView.swift */,
				5BA395852B824D950019A545 /* NameSettingView.swift */,
			);
			path = Onboarding;
			sourceTree = "<group>";
		};
		5B9152A92B8440300068418F /* TextBoxes */ = {
			isa = PBXGroup;
			children = (
				5B9152A72B84402C0068418F /* OnboardingTextBox.swift */,
			);
			path = TextBoxes;
			sourceTree = "<group>";
		};
		5BA395652B7F549D0019A545 /* Pretendard */ = {
			isa = PBXGroup;
			children = (
				5BA3956C2B7F55020019A545 /* Pretendard-Light.ttf */,
				5BA3956A2B7F54F50019A545 /* Pretendard-Regular.ttf */,
				5BA395682B7F54EE0019A545 /* Pretendard-SemiBold.ttf */,
				5BA395662B7F54E10019A545 /* Pretendard-Bold.ttf */,
			);
			path = Pretendard;
			sourceTree = "<group>";
		};
		5BA395822B8235D40019A545 /* Buttons */ = {
			isa = PBXGroup;
			children = (
				5BA3957E2B8235AF0019A545 /* OnboardingSkipButton.swift */,
				5BA395802B8235CE0019A545 /* OnboardingDoneButton.swift */,
			);
			path = Buttons;
			sourceTree = "<group>";
		};
		5BE2F6312BC03B000049A988 /* Scenes */ = {
			isa = PBXGroup;
			children = (
				5BE2F62F2BC03AF90049A988 /* GardenScene.swift */,
			);
			path = Scenes;
			sourceTree = "<group>";
		};
		5BEA730A2BD7D14600BF5ADA /* Ending */ = {
			isa = PBXGroup;
			children = (
				5BA885832B90698900041393 /* EpilogueView.swift */,
				5BEA730B2BD7D17700BF5ADA /* EndingView.swift */,
			);
			path = Ending;
			sourceTree = "<group>";
		};
/* End PBXGroup section */

/* Begin PBXNativeTarget section */
		0EF5FE912B4FC02100D64E5E /* ForestTori */ = {
			isa = PBXNativeTarget;
			buildConfigurationList = 0EF5FEA02B4FC02200D64E5E /* Build configuration list for PBXNativeTarget "ForestTori" */;
			buildPhases = (
				0EF5FEA32B4FC06000D64E5E /* SwiftLint Script */,
				0EF5FE8E2B4FC02100D64E5E /* Sources */,
				0EF5FE8F2B4FC02100D64E5E /* Frameworks */,
				0EF5FE902B4FC02100D64E5E /* Resources */,
			);
			buildRules = (
			);
			dependencies = (
			);
			name = ForestTori;
			packageProductDependencies = (
				0EE630DC2C7DBADC00F2A021 /* RealmSwift */,
			);
			productName = ForestTori;
			productReference = 0EF5FE922B4FC02100D64E5E /* ForestTori.app */;
			productType = "com.apple.product-type.application";
		};
/* End PBXNativeTarget section */

/* Begin PBXProject section */
		0EF5FE8A2B4FC02100D64E5E /* Project object */ = {
			isa = PBXProject;
			attributes = {
				BuildIndependentTargetsInParallel = 1;
				LastSwiftUpdateCheck = 1520;
				LastUpgradeCheck = 1520;
				TargetAttributes = {
					0EF5FE912B4FC02100D64E5E = {
						CreatedOnToolsVersion = 15.2;
					};
				};
			};
			buildConfigurationList = 0EF5FE8D2B4FC02100D64E5E /* Build configuration list for PBXProject "ForestTori" */;
			compatibilityVersion = "Xcode 14.0";
			developmentRegion = en;
			hasScannedForEncodings = 0;
			knownRegions = (
				en,
				Base,
			);
			mainGroup = 0EF5FE892B4FC02100D64E5E;
			packageReferences = (
				0E01EDFD2C6B6790002E86E1 /* XCRemoteSwiftPackageReference "realm-swift" */,
			);
			productRefGroup = 0EF5FE932B4FC02100D64E5E /* Products */;
			projectDirPath = "";
			projectRoot = "";
			targets = (
				0EF5FE912B4FC02100D64E5E /* ForestTori */,
			);
		};
/* End PBXProject section */

/* Begin PBXResourcesBuildPhase section */
		0EF5FE902B4FC02100D64E5E /* Resources */ = {
			isa = PBXResourcesBuildPhase;
			buildActionMask = 2147483647;
			files = (
				0EF36E6D2CEEFFBC00867365 /* Dandelion3.scn in Resources */,
				0EF36EAF2CEF00D600867365 /* Maple_Garden.scn in Resources */,
				0EF36E932CEF005F00867365 /* Cactus2.scn in Resources */,
				0EF36E672CEEFF9F00867365 /* Sanseberia_Garden.scn in Resources */,
				0EF36E5B2CEEFF6E00867365 /* Morningglory2.scn in Resources */,
				0EF36E7D2CEEFFFB00867365 /* Broom3.scn in Resources */,
				0EF36DDF2CEDC81300867365 /* Gardenground_Winter.scn in Resources */,
				5BA395672B7F54E10019A545 /* Pretendard-Bold.ttf in Resources */,
				0E1AE71D2B80B9B2001C9A30 /* SummerCharacter.tsv in Resources */,
				0EF36E912CEF005900867365 /* Cactus1.scn in Resources */,
				0EEBB6C92B7DEA60003E09C6 /* Bubble.scn in Resources */,
				0EF36E732CEEFFDA00867365 /* Lotus2.scn in Resources */,
				0EF36E752CEEFFDE00867365 /* Lotus3.scn in Resources */,
				5BA3956D2B7F55020019A545 /* Pretendard-Light.ttf in Resources */,
				0EF36EBC2CEF02F400867365 /* SpringPlants.tsv in Resources */,
				0EF36EBD2CEF02F400867365 /* AutumnPlants.tsv in Resources */,
				0EF36EBE2CEF02F400867365 /* WinterPlants.tsv in Resources */,
				0EF36EBF2CEF02F400867365 /* SummerPlants.tsv in Resources */,
				0EF36EB52CEF00F000867365 /* Cottontree3.scn in Resources */,
				0EF36E9D2CEF008200867365 /* Pasqueflower3.scn in Resources */,
				0EF36E5D2CEEFF7800867365 /* Morningglory3.scn in Resources */,
				0EF5FEA52B4FC0E700D64E5E /* .swiftlint.yml in Resources */,
				5BA3956B2B7F54F60019A545 /* Pretendard-Regular.ttf in Resources */,
				0EF36E7F2CEEFFFF00867365 /* Broom_Garden.scn in Resources */,
				0EF36E692CEEFFB300867365 /* Dandelion1.scn in Resources */,
				0EF36EAB2CEF00CD00867365 /* Maple2.scn in Resources */,
				0EF36E972CEF006B00867365 /* Cactus_Garden.scn in Resources */,
				0EF36E8D2CEF004000867365 /* Hanamaru3.scn in Resources */,
				0EF36E9B2CEF007D00867365 /* Pasqueflower2.scn in Resources */,
				0EF36DD92CEDC7E400867365 /* Gardenground_Autumn.scn in Resources */,
				0EF36DCD2CEDC70E00867365 /* Chapters.tsv in Resources */,
				0EF36EA92CEF00C600867365 /* Maple1.scn in Resources */,
				0EF36EA12CEF009400867365 /* Compass1.scn in Resources */,
				0EEBB6CB2B7DEA65003E09C6 /* Gardenground.scn in Resources */,
				0EF36E632CEEFF9600867365 /* Sanseberia2.scn in Resources */,
				5BA395692B7F54EE0019A545 /* Pretendard-SemiBold.ttf in Resources */,
				0EF36E5F2CEEFF7C00867365 /* Morningglory_Garden.scn in Resources */,
				0EF36E952CEF006700867365 /* Cactus3.scn in Resources */,
				0EF36E612CEEFF9000867365 /* Sanseberia1.scn in Resources */,
				0EF36E8F2CEF004500867365 /* Hanamaru_Garden.scn in Resources */,
				0EEBB6C72B7DDA6E003E09C6 /* Emptypot.scn in Resources */,
				0EF36E872CEF002B00867365 /* Lavender_Garden.scn in Resources */,
				0EF36E832CEF002300867365 /* Lavender2.scn in Resources */,
				0EF5FE9D2B4FC02200D64E5E /* Preview Assets.xcassets in Resources */,
				0EF36EA72CEF00A100867365 /* Compass_Garden.scn in Resources */,
				0EF36E812CEF001F00867365 /* Lavender1.scn in Resources */,
				0EF36E652CEEFF9B00867365 /* Sanseberia3.scn in Resources */,
				0EF36DDB2CEDC7F900867365 /* Gardenground_Spring.scn in Resources */,
				0EF36E7B2CEEFFF700867365 /* Broom2.scn in Resources */,
				0E1AE71C2B80B9B2001C9A30 /* WinterCharacter.tsv in Resources */,
				0E1AE71F2B80B9B2001C9A30 /* AutumnCharacter.tsv in Resources */,
				0EF36E9F2CEF008700867365 /* Pasqueflower_Garden.scn in Resources */,
				0EF36E712CEEFFD600867365 /* Lotus1.scn in Resources */,
				0EF36EA32CEF009900867365 /* Compass2.scn in Resources */,
				0EF36EB32CEF00EC00867365 /* Cottontree2.scn in Resources */,
				0EF36E6B2CEEFFB800867365 /* Dandelion2.scn in Resources */,
				0EF36E8B2CEF003C00867365 /* Hanamaru2.scn in Resources */,
				0EF36E852CEF002700867365 /* Lavender3.scn in Resources */,
				0EF36DC12CEDC6E900867365 /* Lotus.tsv in Resources */,
				0EF36EA52CEF009D00867365 /* Compass3.scn in Resources */,
				0EF36E6F2CEEFFC000867365 /* Dandelion_Garden.scn in Resources */,
				0EF36EB72CEF00F500867365 /* Cottontree_Garden.scn in Resources */,
				0EF36EB12CEF00E700867365 /* Cottontree1.scn in Resources */,
				0EF36DC22CEDC6E900867365 /* Morningglory.tsv in Resources */,
				0EF36EAD2CEF00D100867365 /* Maple3.scn in Resources */,
				0EF36E572CEEFF5200867365 /* Freesia.scn in Resources */,
				0EF36E772CEEFFE300867365 /* Lotus_Garden.scn in Resources */,
				0EF36E592CEEFF6600867365 /* Morningglory1.scn in Resources */,
				0EF36DC32CEDC6E900867365 /* Dandelion.tsv in Resources */,
				0EF36E792CEEFFF200867365 /* Broom1.scn in Resources */,
				0EF36DC42CEDC6E900867365 /* Sanseberia.tsv in Resources */,
				0EF36E992CEF007900867365 /* Pasqueflower1.scn in Resources */,
				0EF36DC52CEDC6E900867365 /* Broom.tsv in Resources */,
				0EF36E892CEF003800867365 /* Hanamaru1.scn in Resources */,
				0EF5FE9A2B4FC02200D64E5E /* Assets.xcassets in Resources */,
				0EF36DDD2CEDC80600867365 /* Gardenground_Summer.scn in Resources */,
			);
			runOnlyForDeploymentPostprocessing = 0;
		};
/* End PBXResourcesBuildPhase section */

/* Begin PBXShellScriptBuildPhase section */
		0EF5FEA32B4FC06000D64E5E /* SwiftLint Script */ = {
			isa = PBXShellScriptBuildPhase;
			alwaysOutOfDate = 1;
			buildActionMask = 2147483647;
			files = (
			);
			inputFileListPaths = (
			);
			inputPaths = (
			);
			name = "SwiftLint Script";
			outputFileListPaths = (
			);
			outputPaths = (
			);
			runOnlyForDeploymentPostprocessing = 0;
			shellPath = /bin/sh;
			shellScript = "export PATH=\"$PATH:/opt/homebrew/bin\"\nif which swiftlint > /dev/null; then\n  swiftlint\nelse\n  echo \"warning: SwiftLint not installed, download from https://github.com/realm/SwiftLint\"\nfi\n";
		};
/* End PBXShellScriptBuildPhase section */

/* Begin PBXSourcesBuildPhase section */
		0EF5FE8E2B4FC02100D64E5E /* Sources */ = {
			isa = PBXSourcesBuildPhase;
			buildActionMask = 2147483647;
			files = (
				5B6351062BED17AF00A1C6AB /* String+.swift in Sources */,
				5B68A4352B845DFE0004E89A /* Font+.swift in Sources */,
				5BC6F87C2C95D13B005CA85C /* PlantContentView.swift in Sources */,
				5BA395442B7252C00019A545 /* GameManager.swift in Sources */,
				0E1AE7002B7E1880001C9A30 /* MainView.swift in Sources */,
				5BEA730C2BD7D17700BF5ADA /* EndingView.swift in Sources */,
				5BABC2C92B899D8B00C74E3C /* GardenView.swift in Sources */,
				0E804A092C465B3000582121 /* GardenPlant.swift in Sources */,
				0E9532FC2BDCBB1A0081DCE0 /* HistoryViewModel.swift in Sources */,
				0E214B612BDFD52900558004 /* HistoryDetailView.swift in Sources */,
				0E4AB2342BCD6CE900ADB623 /* WriteHistoryViewModel.swift in Sources */,
				5B68A4372B845E200004E89A /* View+.swift in Sources */,
				5BA395842B82495B0019A545 /* OnboardingNamingView.swift in Sources */,
				5BA885842B90698900041393 /* EpilogueView.swift in Sources */,
				0E4AB2322BCD66A400ADB623 /* ImagePicker.swift in Sources */,
				0E4AB2282BC90A4C00ADB623 /* ProgressStyle.swift in Sources */,
				0E4AB2412BD1090B00ADB623 /* Date+.swift in Sources */,
				5BBABDE12BCD180A00F51288 /* CameraPreview.swift in Sources */,
				5B68A4262B8454790004E89A /* ServieStateView.swift in Sources */,
				5BA3957F2B8235AF0019A545 /* OnboardingSkipButton.swift in Sources */,
				0E58AB842B8CAD1C00EB8C78 /* PlantCardView.swift in Sources */,
				5BA931152B62604800F48AF1 /* Chapter.swift in Sources */,
				5BE2F6302BC03AF90049A988 /* GardenScene.swift in Sources */,
				5BA931132B62603200F48AF1 /* Plant.swift in Sources */,
				0E1AE7052B7E18AF001C9A30 /* PlantPotView.swift in Sources */,
				5BC6F8802C9F03D9005CA85C /* MainViewModel.swift in Sources */,
				5BBABDE32BCD716800F51288 /* GardenARViewModel.swift in Sources */,
				5BA395862B824D950019A545 /* NameSettingView.swift in Sources */,
				0E62B7412BFB184C0011B34E /* UnevenRoundedRectangle.swift in Sources */,
				0EF5FE962B4FC02100D64E5E /* ForestToriApp.swift in Sources */,
				0E9532FA2BDCB9580081DCE0 /* HistoryView.swift in Sources */,
				0E4AB23F2BD0FD6400ADB623 /* KeyboardHandler.swift in Sources */,
				5B1676E12C384B16009DA49F /* NotificationManager.swift in Sources */,
				5B72DDC82B91BA8B002EA734 /* EpilogueViewModel.swift in Sources */,
				5B9152A82B84402C0068418F /* OnboardingTextBox.swift in Sources */,
				5BA3955E2B7E377D0019A545 /* OnboardingGreetingView.swift in Sources */,
				0E58AB822B85BF5C00EB8C78 /* SelectPlantView.swift in Sources */,
				5BA931192B6260CC00F48AF1 /* DataManager.swift in Sources */,
				0E4AB2362BCD70F400ADB623 /* RealmManager.swift in Sources */,
				0E1AE7152B80A833001C9A30 /* Dialogue.swift in Sources */,
				0E4AB22B2BCD3E7E00ADB623 /* WriteHistoryView.swift in Sources */,
				0E214B5F2BDFC85500558004 /* BottomSheet.swift in Sources */,
				5BA395812B8235CE0019A545 /* OnboardingDoneButton.swift in Sources */,
				5BA395882B826CEA0019A545 /* OnboardingCompletionView.swift in Sources */,
				5BE672842C71DE6B00D9F0E8 /* ImageCropView.swift in Sources */,
				5BA931172B62605D00F48AF1 /* Mission.swift in Sources */,
				5BA395642B7E4A230019A545 /* OnboardingViewModel.swift in Sources */,
				0E58AB8F2B8E05AA00EB8C78 /* CompleteChapterView.swift in Sources */,
				0E4AB2382BCD721700ADB623 /* History.swift in Sources */,
				5BA931112B62602200F48AF1 /* User.swift in Sources */,
				5BEA73062BD77F6E00BF5ADA /* ServiceStateViewModel.swift in Sources */,
				5BDA85472BCC156400C5C67C /* GardenARView.swift in Sources */,
				5BA395712B7F84410019A545 /* Onboarding.swift in Sources */,
				0E2F50A82C86E0010054628F /* GardenViewModel.swift in Sources */,
				5BA3955C2B7E359F0019A545 /* OnboardingView.swift in Sources */,
				0E2F50AA2C86F6010054628F /* ChapterButtonStyle.swift in Sources */,
				5BA395602B7E37900019A545 /* OnboardingIntroductionView.swift in Sources */,
			);
			runOnlyForDeploymentPostprocessing = 0;
		};
/* End PBXSourcesBuildPhase section */

/* Begin XCBuildConfiguration section */
		0EF5FE9E2B4FC02200D64E5E /* Debug */ = {
			isa = XCBuildConfiguration;
			buildSettings = {
				ALWAYS_SEARCH_USER_PATHS = NO;
				ASSETCATALOG_COMPILER_GENERATE_SWIFT_ASSET_SYMBOL_EXTENSIONS = YES;
				CLANG_ANALYZER_NONNULL = YES;
				CLANG_ANALYZER_NUMBER_OBJECT_CONVERSION = YES_AGGRESSIVE;
				CLANG_CXX_LANGUAGE_STANDARD = "gnu++20";
				CLANG_ENABLE_MODULES = YES;
				CLANG_ENABLE_OBJC_ARC = YES;
				CLANG_ENABLE_OBJC_WEAK = YES;
				CLANG_WARN_BLOCK_CAPTURE_AUTORELEASING = YES;
				CLANG_WARN_BOOL_CONVERSION = YES;
				CLANG_WARN_COMMA = YES;
				CLANG_WARN_CONSTANT_CONVERSION = YES;
				CLANG_WARN_DEPRECATED_OBJC_IMPLEMENTATIONS = YES;
				CLANG_WARN_DIRECT_OBJC_ISA_USAGE = YES_ERROR;
				CLANG_WARN_DOCUMENTATION_COMMENTS = YES;
				CLANG_WARN_EMPTY_BODY = YES;
				CLANG_WARN_ENUM_CONVERSION = YES;
				CLANG_WARN_INFINITE_RECURSION = YES;
				CLANG_WARN_INT_CONVERSION = YES;
				CLANG_WARN_NON_LITERAL_NULL_CONVERSION = YES;
				CLANG_WARN_OBJC_IMPLICIT_RETAIN_SELF = YES;
				CLANG_WARN_OBJC_LITERAL_CONVERSION = YES;
				CLANG_WARN_OBJC_ROOT_CLASS = YES_ERROR;
				CLANG_WARN_QUOTED_INCLUDE_IN_FRAMEWORK_HEADER = YES;
				CLANG_WARN_RANGE_LOOP_ANALYSIS = YES;
				CLANG_WARN_STRICT_PROTOTYPES = YES;
				CLANG_WARN_SUSPICIOUS_MOVE = YES;
				CLANG_WARN_UNGUARDED_AVAILABILITY = YES_AGGRESSIVE;
				CLANG_WARN_UNREACHABLE_CODE = YES;
				CLANG_WARN__DUPLICATE_METHOD_MATCH = YES;
				COPY_PHASE_STRIP = NO;
				DEBUG_INFORMATION_FORMAT = dwarf;
				ENABLE_STRICT_OBJC_MSGSEND = YES;
				ENABLE_TESTABILITY = YES;
				ENABLE_USER_SCRIPT_SANDBOXING = YES;
				GCC_C_LANGUAGE_STANDARD = gnu17;
				GCC_DYNAMIC_NO_PIC = NO;
				GCC_NO_COMMON_BLOCKS = YES;
				GCC_OPTIMIZATION_LEVEL = 0;
				GCC_PREPROCESSOR_DEFINITIONS = (
					"DEBUG=1",
					"$(inherited)",
				);
				GCC_WARN_64_TO_32_BIT_CONVERSION = YES;
				GCC_WARN_ABOUT_RETURN_TYPE = YES_ERROR;
				GCC_WARN_UNDECLARED_SELECTOR = YES;
				GCC_WARN_UNINITIALIZED_AUTOS = YES_AGGRESSIVE;
				GCC_WARN_UNUSED_FUNCTION = YES;
				GCC_WARN_UNUSED_VARIABLE = YES;
				IPHONEOS_DEPLOYMENT_TARGET = 17.5;
				LOCALIZATION_PREFERS_STRING_CATALOGS = YES;
				MTL_ENABLE_DEBUG_INFO = INCLUDE_SOURCE;
				MTL_FAST_MATH = YES;
				ONLY_ACTIVE_ARCH = YES;
				SDKROOT = iphoneos;
				SWIFT_ACTIVE_COMPILATION_CONDITIONS = "DEBUG $(inherited)";
				SWIFT_OPTIMIZATION_LEVEL = "-Onone";
			};
			name = Debug;
		};
		0EF5FE9F2B4FC02200D64E5E /* Release */ = {
			isa = XCBuildConfiguration;
			buildSettings = {
				ALWAYS_SEARCH_USER_PATHS = NO;
				ASSETCATALOG_COMPILER_GENERATE_SWIFT_ASSET_SYMBOL_EXTENSIONS = YES;
				CLANG_ANALYZER_NONNULL = YES;
				CLANG_ANALYZER_NUMBER_OBJECT_CONVERSION = YES_AGGRESSIVE;
				CLANG_CXX_LANGUAGE_STANDARD = "gnu++20";
				CLANG_ENABLE_MODULES = YES;
				CLANG_ENABLE_OBJC_ARC = YES;
				CLANG_ENABLE_OBJC_WEAK = YES;
				CLANG_WARN_BLOCK_CAPTURE_AUTORELEASING = YES;
				CLANG_WARN_BOOL_CONVERSION = YES;
				CLANG_WARN_COMMA = YES;
				CLANG_WARN_CONSTANT_CONVERSION = YES;
				CLANG_WARN_DEPRECATED_OBJC_IMPLEMENTATIONS = YES;
				CLANG_WARN_DIRECT_OBJC_ISA_USAGE = YES_ERROR;
				CLANG_WARN_DOCUMENTATION_COMMENTS = YES;
				CLANG_WARN_EMPTY_BODY = YES;
				CLANG_WARN_ENUM_CONVERSION = YES;
				CLANG_WARN_INFINITE_RECURSION = YES;
				CLANG_WARN_INT_CONVERSION = YES;
				CLANG_WARN_NON_LITERAL_NULL_CONVERSION = YES;
				CLANG_WARN_OBJC_IMPLICIT_RETAIN_SELF = YES;
				CLANG_WARN_OBJC_LITERAL_CONVERSION = YES;
				CLANG_WARN_OBJC_ROOT_CLASS = YES_ERROR;
				CLANG_WARN_QUOTED_INCLUDE_IN_FRAMEWORK_HEADER = YES;
				CLANG_WARN_RANGE_LOOP_ANALYSIS = YES;
				CLANG_WARN_STRICT_PROTOTYPES = YES;
				CLANG_WARN_SUSPICIOUS_MOVE = YES;
				CLANG_WARN_UNGUARDED_AVAILABILITY = YES_AGGRESSIVE;
				CLANG_WARN_UNREACHABLE_CODE = YES;
				CLANG_WARN__DUPLICATE_METHOD_MATCH = YES;
				COPY_PHASE_STRIP = NO;
				DEBUG_INFORMATION_FORMAT = "dwarf-with-dsym";
				ENABLE_NS_ASSERTIONS = NO;
				ENABLE_STRICT_OBJC_MSGSEND = YES;
				ENABLE_USER_SCRIPT_SANDBOXING = YES;
				GCC_C_LANGUAGE_STANDARD = gnu17;
				GCC_NO_COMMON_BLOCKS = YES;
				GCC_WARN_64_TO_32_BIT_CONVERSION = YES;
				GCC_WARN_ABOUT_RETURN_TYPE = YES_ERROR;
				GCC_WARN_UNDECLARED_SELECTOR = YES;
				GCC_WARN_UNINITIALIZED_AUTOS = YES_AGGRESSIVE;
				GCC_WARN_UNUSED_FUNCTION = YES;
				GCC_WARN_UNUSED_VARIABLE = YES;
				IPHONEOS_DEPLOYMENT_TARGET = 17.5;
				LOCALIZATION_PREFERS_STRING_CATALOGS = YES;
				MTL_ENABLE_DEBUG_INFO = NO;
				MTL_FAST_MATH = YES;
				SDKROOT = iphoneos;
				SWIFT_COMPILATION_MODE = wholemodule;
				VALIDATE_PRODUCT = YES;
			};
			name = Release;
		};
		0EF5FEA12B4FC02200D64E5E /* Debug */ = {
			isa = XCBuildConfiguration;
			buildSettings = {
				ASSETCATALOG_COMPILER_APPICON_NAME = AppIcon;
				ASSETCATALOG_COMPILER_GLOBAL_ACCENT_COLOR_NAME = AccentColor;
				CODE_SIGN_STYLE = Automatic;
				CURRENT_PROJECT_VERSION = 1;
				DEVELOPMENT_ASSET_PATHS = "\"ForestTori/Preview Content\"";
				DEVELOPMENT_TEAM = HQS8MXQ7B5;
				ENABLE_PREVIEWS = YES;
				ENABLE_USER_SCRIPT_SANDBOXING = NO;
				GENERATE_INFOPLIST_FILE = YES;
				INFOPLIST_FILE = ForestTori/Info.plist;
				INFOPLIST_KEY_NSCameraUsageDescription = "사진 촬영을 위해 카메라를 사용합니다.";
				INFOPLIST_KEY_NSPhotoLibraryUsageDescription = "사진을 불러오기 위해 앨범을 사용합니다.";
				INFOPLIST_KEY_UIApplicationSceneManifest_Generation = YES;
				INFOPLIST_KEY_UIApplicationSupportsIndirectInputEvents = YES;
				INFOPLIST_KEY_UISupportedInterfaceOrientations = UIInterfaceOrientationPortrait;
				IPHONEOS_DEPLOYMENT_TARGET = 15.0;
				LD_RUNPATH_SEARCH_PATHS = (
					"$(inherited)",
					"@executable_path/Frameworks",
				);
				MARKETING_VERSION = 1.0;
				PRODUCT_BUNDLE_IDENTIFIER = com.connected.ForestTori;
				PRODUCT_NAME = "$(TARGET_NAME)";
				SUPPORTED_PLATFORMS = "iphoneos iphonesimulator";
				SUPPORTS_MACCATALYST = NO;
				SUPPORTS_MAC_DESIGNED_FOR_IPHONE_IPAD = NO;
				SUPPORTS_XR_DESIGNED_FOR_IPHONE_IPAD = NO;
				SWIFT_EMIT_LOC_STRINGS = YES;
				SWIFT_VERSION = 5.0;
				TARGETED_DEVICE_FAMILY = 1;
			};
			name = Debug;
		};
		0EF5FEA22B4FC02200D64E5E /* Release */ = {
			isa = XCBuildConfiguration;
			buildSettings = {
				ASSETCATALOG_COMPILER_APPICON_NAME = AppIcon;
				ASSETCATALOG_COMPILER_GLOBAL_ACCENT_COLOR_NAME = AccentColor;
				CODE_SIGN_STYLE = Automatic;
				CURRENT_PROJECT_VERSION = 1;
				DEVELOPMENT_ASSET_PATHS = "\"ForestTori/Preview Content\"";
				DEVELOPMENT_TEAM = HQS8MXQ7B5;
				ENABLE_PREVIEWS = YES;
				ENABLE_USER_SCRIPT_SANDBOXING = NO;
				GENERATE_INFOPLIST_FILE = YES;
				INFOPLIST_FILE = ForestTori/Info.plist;
				INFOPLIST_KEY_NSCameraUsageDescription = "사진 촬영을 위해 카메라를 사용합니다.";
				INFOPLIST_KEY_NSPhotoLibraryUsageDescription = "사진을 불러오기 위해 앨범을 사용합니다.";
				INFOPLIST_KEY_UIApplicationSceneManifest_Generation = YES;
				INFOPLIST_KEY_UIApplicationSupportsIndirectInputEvents = YES;
				INFOPLIST_KEY_UISupportedInterfaceOrientations = UIInterfaceOrientationPortrait;
				IPHONEOS_DEPLOYMENT_TARGET = 15.0;
				LD_RUNPATH_SEARCH_PATHS = (
					"$(inherited)",
					"@executable_path/Frameworks",
				);
				MARKETING_VERSION = 1.0;
				PRODUCT_BUNDLE_IDENTIFIER = com.connected.ForestTori;
				PRODUCT_NAME = "$(TARGET_NAME)";
				SUPPORTED_PLATFORMS = "iphoneos iphonesimulator";
				SUPPORTS_MACCATALYST = NO;
				SUPPORTS_MAC_DESIGNED_FOR_IPHONE_IPAD = NO;
				SUPPORTS_XR_DESIGNED_FOR_IPHONE_IPAD = NO;
				SWIFT_EMIT_LOC_STRINGS = YES;
				SWIFT_VERSION = 5.0;
				TARGETED_DEVICE_FAMILY = 1;
			};
			name = Release;
		};
/* End XCBuildConfiguration section */

/* Begin XCConfigurationList section */
		0EF5FE8D2B4FC02100D64E5E /* Build configuration list for PBXProject "ForestTori" */ = {
			isa = XCConfigurationList;
			buildConfigurations = (
				0EF5FE9E2B4FC02200D64E5E /* Debug */,
				0EF5FE9F2B4FC02200D64E5E /* Release */,
			);
			defaultConfigurationIsVisible = 0;
			defaultConfigurationName = Release;
		};
		0EF5FEA02B4FC02200D64E5E /* Build configuration list for PBXNativeTarget "ForestTori" */ = {
			isa = XCConfigurationList;
			buildConfigurations = (
				0EF5FEA12B4FC02200D64E5E /* Debug */,
				0EF5FEA22B4FC02200D64E5E /* Release */,
			);
			defaultConfigurationIsVisible = 0;
			defaultConfigurationName = Release;
		};
/* End XCConfigurationList section */

/* Begin XCRemoteSwiftPackageReference section */
		0E01EDFD2C6B6790002E86E1 /* XCRemoteSwiftPackageReference "realm-swift" */ = {
			isa = XCRemoteSwiftPackageReference;
			repositoryURL = "https://github.com/realm/realm-swift.git";
			requirement = {
				branch = master;
				kind = branch;
			};
		};
/* End XCRemoteSwiftPackageReference section */

/* Begin XCSwiftPackageProductDependency section */
		0EE630DC2C7DBADC00F2A021 /* RealmSwift */ = {
			isa = XCSwiftPackageProductDependency;
			package = 0E01EDFD2C6B6790002E86E1 /* XCRemoteSwiftPackageReference "realm-swift" */;
			productName = RealmSwift;
		};
/* End XCSwiftPackageProductDependency section */
	};
	rootObject = 0EF5FE8A2B4FC02100D64E5E /* Project object */;
}
